// !$*UTF8*$!
{
	archiveVersion = 1;
	classes = {
	};
	objectVersion = 46;
	objects = {

/* Begin PBXAggregateTarget section */
		8A2608B27DFE97CCC99E04C4 /* mulx - All */ = {
			isa = PBXAggregateTarget;
			buildConfigurationList = 08879730856774F3CA4FBD59;
			buildPhases = (
			);
			dependencies = (
				965E6DB01781840E2274947A,
				3395193E1DF14BC598328A30,
				82E3D439E7F4A3CC5688A9BC,
				57CD6A259D2815A7611C68EF,
				8CADFCA092271EE486D2A659,
				63E80EE29B0A60B6C37A4625,
			);
			name = "mulx - All";
			productName = mulx;
		};
/* End PBXAggregateTarget section */

/* Begin PBXBuildFile section */
		0458ABCF4DEACD04773E7D2C /* CoreMIDI.framework */ = {isa = PBXBuildFile; fileRef = 913D80E8FFB314DBC4014F30; };
		046C0D3DED968AD1C89F0CE0 /* include_juce_audio_formats.mm */ = {isa = PBXBuildFile; fileRef = E4B6CA02C0AD53DEB1776A48; };
		05722E8150292D90B6F419E1 /* include_juce_audio_plugin_client_AU_1.mm */ = {isa = PBXBuildFile; fileRef = A207F04D52C4743964979D4F; };
		061D7C82BAC229747FFE884E /* include_juce_events.mm */ = {isa = PBXBuildFile; fileRef = 43B3DAA6C812572B4E616349; };
		1033775656052F54CCE27D7C /* include_juce_opengl.mm */ = {isa = PBXBuildFile; fileRef = 5EB728C647F710D5C988D427; };
		24EF69A5C16CE751B3C353CF /* Cocoa.framework */ = {isa = PBXBuildFile; fileRef = 2835579B3C911E3551E01F16; };
		273C6D909ED11FF2D1B8F4C5 /* include_juce_audio_devices.mm */ = {isa = PBXBuildFile; fileRef = 24464ABF2D53601395032996; };
		2C0897537517C7AA67BF4764 /* QuartzCore.framework */ = {isa = PBXBuildFile; fileRef = 6C346CBC51CE6A94D2A75B4B; };
		41B8606D0A55F8E534D03DAD /* AVFoundation.framework */ = {isa = PBXBuildFile; fileRef = A7FEDC4B15DC174FDDD402FD; };
		43103AD572F27BB888A53E9F /* Foundation.framework */ = {isa = PBXBuildFile; fileRef = 2BDE86EA6E8F2E9F443B88C1; };
		477DF0023A4934588FD9BAA5 /* include_juce_audio_plugin_client_ARA.cpp */ = {isa = PBXBuildFile; fileRef = DEF34E0B5C3BB9C7D9C7D197; };
		513D18012632CA6C0A530DDF /* Security.framework */ = {isa = PBXBuildFile; fileRef = F9469F9C66F031A5511E345F; };
		51A4AE8A42D3D3012A8C333A /* Metal.framework */ = {isa = PBXBuildFile; fileRef = 5799C7A77B13E311801289ED; settings = { ATTRIBUTES = (Weak, ); }; };
		53295E25FC6E7CD3AB703E6F /* Shared Code */ = {isa = PBXBuildFile; fileRef = FB8DCA78F0225DA57843F35E; };
		541FA89297C48AE1963D1ECC /* DiscRecording.framework */ = {isa = PBXBuildFile; fileRef = 66DB2489E5D789D658D4E2C0; };
		5B05514598C98754A6442D4E /* include_juce_osc.cpp */ = {isa = PBXBuildFile; fileRef = D5DE353F823F0FD60807453B; };
		67D33323FCB5CE4E3E11D14F /* MetalKit.framework */ = {isa = PBXBuildFile; fileRef = 1D325BD0C850AE9C5F467438; settings = { ATTRIBUTES = (Weak, ); }; };
		68D25A4EAA600EC6A7FD7080 /* AU */ = {isa = PBXBuildFile; fileRef = 8868D5D1B5D8CA08D74DB40F; };
		8900089D698C1BADCF3C5219 /* AUv3 AppExtension */ = {isa = PBXBuildFile; fileRef = 98294727586AE114898919C0; };
		8B2DD17EE4703896650F734B /* include_juce_gui_basics.mm */ = {isa = PBXBuildFile; fileRef = 228B191FEA97B7A1E43BA88D; };
		8DB997D8A9446968F81CC4FF /* Accelerate.framework */ = {isa = PBXBuildFile; fileRef = A808D7FEFB1D60FE30E158F8; };
		9099B8295E35E26BF45CB764 /* AudioToolbox.framework */ = {isa = PBXBuildFile; fileRef = C83416D04653E5F572ECBE47; };
		97B5D54D6EBE458BE7E7A659 /* include_juce_data_structures.mm */ = {isa = PBXBuildFile; fileRef = 79A2C24258C90FD1A4CAA0AE; };
		A19CFA3445C4A1AD4520DB26 /* FaustPluginProcessor.cpp */ = {isa = PBXBuildFile; fileRef = 15CB6282CC12D1680BC22817; };
		A30E5E3FF4A46CF597CF9C35 /* include_juce_graphics_Sheenbidi.c */ = {isa = PBXBuildFile; fileRef = 1E006E572FEBF9FBEA1A2172; };
		B321DE27195477CA4BBCBC85 /* include_juce_audio_plugin_client_AUv3.mm */ = {isa = PBXBuildFile; fileRef = 8FBFA002ADC8C8B06F7AA049; };
		B46FC5AC7BE09A28379C5E10 /* CoreAudio.framework */ = {isa = PBXBuildFile; fileRef = 86F9830CA727D88D5659BDDA; };
		B4E63329067545AF6F87A4EE /* include_juce_audio_utils.mm */ = {isa = PBXBuildFile; fileRef = E05469D5BA9D45A8B9A4E096; };
		B6CD39228B4991BC82E5334D /* VST3 Manifest Helper */ = {isa = PBXBuildFile; fileRef = DE14F4F7B439B2B339FDF1AC; };
		B719B07ABBA640827DDFA7AD /* CoreAudioKit.framework */ = {isa = PBXBuildFile; fileRef = 134CFDC68E2987AE88219CEE; };
		B9E81862A0A044747FD9DF7F /* RecentFilesMenuTemplate.nib */ = {isa = PBXBuildFile; fileRef = 2BA521195DD7816D148FA966; };
		BB2A7BCE24209531D7A5286D /* include_juce_audio_plugin_client_AU_2.mm */ = {isa = PBXBuildFile; fileRef = EC2634F1780BB3F118292CF4; };
		C3F8540CC4CBE3354173FF87 /* WebKit.framework */ = {isa = PBXBuildFile; fileRef = B1AB9BE311B799D214BE1274; };
		C486EBA78715529D1CBA6639 /* include_juce_core.mm */ = {isa = PBXBuildFile; fileRef = AE62B572BDEEE80CC5733D54; };
		C8CA6AD9DF0DF8A854FF633A /* include_juce_gui_extra.mm */ = {isa = PBXBuildFile; fileRef = CFD628E495F80F2897CD3935; };
		CD5DE048E776D560A167402D /* include_juce_graphics_Harfbuzz.cpp */ = {isa = PBXBuildFile; fileRef = E21A3FC3142B556114B8DB75; };
		D21D4BE97CA8FECEFBC4E842 /* AudioUnit.framework */ = {isa = PBXBuildFile; fileRef = B59276E7DB7E203870503BDD; };
		D840CABB7F96A0C0F544764E /* Standalone Plugin */ = {isa = PBXBuildFile; fileRef = 0D2E4A13B5785619B35A727C; };
		D9FE958C37795D89F855BC5E /* include_juce_audio_basics.mm */ = {isa = PBXBuildFile; fileRef = F8881A8F9802A491C2D7D752; };
		DDAC533F1784E0206B6D3B7B /* include_juce_audio_processors_lv2_libs.cpp */ = {isa = PBXBuildFile; fileRef = FBCB55700858F26C8AB0480D; };
		E4B40E1127946CE4EBFE93F2 /* include_juce_audio_plugin_client_Standalone.cpp */ = {isa = PBXBuildFile; fileRef = 4E3D977B5681972445D15B2B; };
		E79928E8DA515C147FA6B3F3 /* juce_VST3ManifestHelper.mm */ = {isa = PBXBuildFile; fileRef = 73B227A98174B2841178A3E0; settings = { COMPILER_FLAGS = "-fobjc-arc -w -DJUCE_SKIP_PRECOMPILED_HEADER"; }; };
		E8349691ADFA49BA976EEB8C /* VST3 */ = {isa = PBXBuildFile; fileRef = 60175178D5095381D18B0203; };
		E8E712521D0B6E30FDDBC6CB /* include_juce_graphics.mm */ = {isa = PBXBuildFile; fileRef = 82E8D33761875D124F19585B; };
		EF375B4287BC03289D8E2C74 /* include_juce_audio_processors_ara.cpp */ = {isa = PBXBuildFile; fileRef = 5C5D969F1341AD571180BF20; };
		F00E75C20A058D07B64C23C3 /* include_juce_audio_plugin_client_VST3.mm */ = {isa = PBXBuildFile; fileRef = 6EAEDF5172EE07AC8081B8D6; };
		F9D13D66CB5E123B35BCC961 /* include_juce_audio_processors.mm */ = {isa = PBXBuildFile; fileRef = 66E4E596DB2AD361EAB2ABE0; };
		FA86C820533209287DBA4F29 /* IOKit.framework */ = {isa = PBXBuildFile; fileRef = 535A45578062BAC9D487D8C6; };
		FAC71C712336A9B349A1B205 /* OpenGL.framework */ = {isa = PBXBuildFile; fileRef = 4ADA6BC67449177F58E4B99B; };
		FCD3FA5100CFB8BCA994B235 /* include_juce_core_CompilationTime.cpp */ = {isa = PBXBuildFile; fileRef = B8ED5A0784BCAD741B824D7C; };
/* End PBXBuildFile section */

/* Begin PBXCopyFilesBuildPhase section */
		ACB2CD666FF65DEDF95985CC /* Embed App Extensions */ = {
			isa = PBXCopyFilesBuildPhase;
			buildActionMask = 2147483647;
			files = (
				8900089D698C1BADCF3C5219,
			);
			name = "Embed App Extensions";
			runOnlyForDeploymentPostprocessing = 0;
			dstPath = "";
			dstSubfolderSpec = 13;
		};
/* End PBXCopyFilesBuildPhase section */

/* Begin PBXFileReference section */
		031C155E7F7F935F28539433 /* JuceHeader.h */ /* JuceHeader.h */ = {isa = PBXFileReference; lastKnownFileType = sourcecode.c.h; name = JuceHeader.h; path = ../../JuceLibraryCode/JuceHeader.h; sourceTree = SOURCE_ROOT; };
		0D2E4A13B5785619B35A727C /* Standalone Plugin */ = {isa = PBXFileReference; explicitFileType = wrapper.application; includeInIndex = 0; path = mulx.app; sourceTree = BUILT_PRODUCTS_DIR; };
		0FF530A977CEA14E72108C09 /* juce_graphics */ /* juce_graphics */ = {isa = PBXFileReference; lastKnownFileType = folder; name = juce_graphics; path = ../../../../../../../../JUCE/modules/juce_graphics; sourceTree = SOURCE_ROOT; };
		13025066694D0E88CA7F3C11 /* juce_audio_formats */ /* juce_audio_formats */ = {isa = PBXFileReference; lastKnownFileType = folder; name = juce_audio_formats; path = ../../../../../../../../JUCE/modules/juce_audio_formats; sourceTree = SOURCE_ROOT; };
		134CFDC68E2987AE88219CEE /* CoreAudioKit.framework */ /* CoreAudioKit.framework */ = {isa = PBXFileReference; lastKnownFileType = wrapper.framework; name = CoreAudioKit.framework; path = System/Library/Frameworks/CoreAudioKit.framework; sourceTree = SDKROOT; };
		15CB6282CC12D1680BC22817 /* FaustPluginProcessor.cpp */ /* FaustPluginProcessor.cpp */ = {isa = PBXFileReference; lastKnownFileType = sourcecode.cpp.cpp; name = FaustPluginProcessor.cpp; path = ../../FaustPluginProcessor.cpp; sourceTree = SOURCE_ROOT; };
		1D325BD0C850AE9C5F467438 /* MetalKit.framework */ /* MetalKit.framework */ = {isa = PBXFileReference; lastKnownFileType = wrapper.framework; name = MetalKit.framework; path = System/Library/Frameworks/MetalKit.framework; sourceTree = SDKROOT; };
		1E006E572FEBF9FBEA1A2172 /* include_juce_graphics_Sheenbidi.c */ /* include_juce_graphics_Sheenbidi.c */ = {isa = PBXFileReference; lastKnownFileType = sourcecode.c.c; name = include_juce_graphics_Sheenbidi.c; path = ../../JuceLibraryCode/include_juce_graphics_Sheenbidi.c; sourceTree = SOURCE_ROOT; };
		228B191FEA97B7A1E43BA88D /* include_juce_gui_basics.mm */ /* include_juce_gui_basics.mm */ = {isa = PBXFileReference; lastKnownFileType = sourcecode.cpp.objcpp; name = include_juce_gui_basics.mm; path = ../../JuceLibraryCode/include_juce_gui_basics.mm; sourceTree = SOURCE_ROOT; };
		24464ABF2D53601395032996 /* include_juce_audio_devices.mm */ /* include_juce_audio_devices.mm */ = {isa = PBXFileReference; lastKnownFileType = sourcecode.cpp.objcpp; name = include_juce_audio_devices.mm; path = ../../JuceLibraryCode/include_juce_audio_devices.mm; sourceTree = SOURCE_ROOT; };
		2835579B3C911E3551E01F16 /* Cocoa.framework */ /* Cocoa.framework */ = {isa = PBXFileReference; lastKnownFileType = wrapper.framework; name = Cocoa.framework; path = System/Library/Frameworks/Cocoa.framework; sourceTree = SDKROOT; };
		2BA521195DD7816D148FA966 /* RecentFilesMenuTemplate.nib */ /* RecentFilesMenuTemplate.nib */ = {isa = PBXFileReference; lastKnownFileType = file.nib; name = RecentFilesMenuTemplate.nib; path = RecentFilesMenuTemplate.nib; sourceTree = SOURCE_ROOT; };
		2BDE86EA6E8F2E9F443B88C1 /* Foundation.framework */ /* Foundation.framework */ = {isa = PBXFileReference; lastKnownFileType = wrapper.framework; name = Foundation.framework; path = System/Library/Frameworks/Foundation.framework; sourceTree = SDKROOT; };
		2C7835444967465F9AF73203 /* juce_core */ /* juce_core */ = {isa = PBXFileReference; lastKnownFileType = folder; name = juce_core; path = ../../../../../../../../JUCE/modules/juce_core; sourceTree = SOURCE_ROOT; };
		2DF2DE720C34B9F89C9BD9ED /* juce_audio_processors */ /* juce_audio_processors */ = {isa = PBXFileReference; lastKnownFileType = folder; name = juce_audio_processors; path = ../../../../../../../../JUCE/modules/juce_audio_processors; sourceTree = SOURCE_ROOT; };
		39E11FF27ED7C442134AADA5 /* AppConfig.h */ /* AppConfig.h */ = {isa = PBXFileReference; lastKnownFileType = sourcecode.c.h; name = AppConfig.h; path = ../../JuceLibraryCode/AppConfig.h; sourceTree = SOURCE_ROOT; };
		43B3DAA6C812572B4E616349 /* include_juce_events.mm */ /* include_juce_events.mm */ = {isa = PBXFileReference; lastKnownFileType = sourcecode.cpp.objcpp; name = include_juce_events.mm; path = ../../JuceLibraryCode/include_juce_events.mm; sourceTree = SOURCE_ROOT; };
		49ED8E8BF9C5028552E10AAB /* Info-VST3.plist */ /* Info-VST3.plist */ = {isa = PBXFileReference; lastKnownFileType = text.plist.xml; name = "Info-VST3.plist"; path = "Info-VST3.plist"; sourceTree = SOURCE_ROOT; };
		4ADA6BC67449177F58E4B99B /* OpenGL.framework */ /* OpenGL.framework */ = {isa = PBXFileReference; lastKnownFileType = wrapper.framework; name = OpenGL.framework; path = System/Library/Frameworks/OpenGL.framework; sourceTree = SDKROOT; };
		4E3D977B5681972445D15B2B /* include_juce_audio_plugin_client_Standalone.cpp */ /* include_juce_audio_plugin_client_Standalone.cpp */ = {isa = PBXFileReference; lastKnownFileType = sourcecode.cpp.cpp; name = include_juce_audio_plugin_client_Standalone.cpp; path = ../../JuceLibraryCode/include_juce_audio_plugin_client_Standalone.cpp; sourceTree = SOURCE_ROOT; };
		5089868B90292B96D5AC4F4D /* juce_audio_utils */ /* juce_audio_utils */ = {isa = PBXFileReference; lastKnownFileType = folder; name = juce_audio_utils; path = ../../../../../../../../JUCE/modules/juce_audio_utils; sourceTree = SOURCE_ROOT; };
		535A45578062BAC9D487D8C6 /* IOKit.framework */ /* IOKit.framework */ = {isa = PBXFileReference; lastKnownFileType = wrapper.framework; name = IOKit.framework; path = System/Library/Frameworks/IOKit.framework; sourceTree = SDKROOT; };
		5799C7A77B13E311801289ED /* Metal.framework */ /* Metal.framework */ = {isa = PBXFileReference; lastKnownFileType = wrapper.framework; name = Metal.framework; path = System/Library/Frameworks/Metal.framework; sourceTree = SDKROOT; };
		5C5D969F1341AD571180BF20 /* include_juce_audio_processors_ara.cpp */ /* include_juce_audio_processors_ara.cpp */ = {isa = PBXFileReference; lastKnownFileType = sourcecode.cpp.cpp; name = include_juce_audio_processors_ara.cpp; path = ../../JuceLibraryCode/include_juce_audio_processors_ara.cpp; sourceTree = SOURCE_ROOT; };
		5EB728C647F710D5C988D427 /* include_juce_opengl.mm */ /* include_juce_opengl.mm */ = {isa = PBXFileReference; lastKnownFileType = sourcecode.cpp.objcpp; name = include_juce_opengl.mm; path = ../../JuceLibraryCode/include_juce_opengl.mm; sourceTree = SOURCE_ROOT; };
		60175178D5095381D18B0203 /* VST3 */ = {isa = PBXFileReference; explicitFileType = wrapper.cfbundle; includeInIndex = 0; path = mulx.vst3; sourceTree = BUILT_PRODUCTS_DIR; };
		66DB2489E5D789D658D4E2C0 /* DiscRecording.framework */ /* DiscRecording.framework */ = {isa = PBXFileReference; lastKnownFileType = wrapper.framework; name = DiscRecording.framework; path = System/Library/Frameworks/DiscRecording.framework; sourceTree = SDKROOT; };
		66E4E596DB2AD361EAB2ABE0 /* include_juce_audio_processors.mm */ /* include_juce_audio_processors.mm */ = {isa = PBXFileReference; lastKnownFileType = sourcecode.cpp.objcpp; name = include_juce_audio_processors.mm; path = ../../JuceLibraryCode/include_juce_audio_processors.mm; sourceTree = SOURCE_ROOT; };
		6C346CBC51CE6A94D2A75B4B /* QuartzCore.framework */ /* QuartzCore.framework */ = {isa = PBXFileReference; lastKnownFileType = wrapper.framework; name = QuartzCore.framework; path = System/Library/Frameworks/QuartzCore.framework; sourceTree = SDKROOT; };
		6EAEDF5172EE07AC8081B8D6 /* include_juce_audio_plugin_client_VST3.mm */ /* include_juce_audio_plugin_client_VST3.mm */ = {isa = PBXFileReference; lastKnownFileType = sourcecode.cpp.objcpp; name = include_juce_audio_plugin_client_VST3.mm; path = ../../JuceLibraryCode/include_juce_audio_plugin_client_VST3.mm; sourceTree = SOURCE_ROOT; };
		723B5D94234F39BDCB96F01E /* juce_data_structures */ /* juce_data_structures */ = {isa = PBXFileReference; lastKnownFileType = folder; name = juce_data_structures; path = ../../../../../../../../JUCE/modules/juce_data_structures; sourceTree = SOURCE_ROOT; };
		73B227A98174B2841178A3E0 /* juce_VST3ManifestHelper.mm */ /* juce_VST3ManifestHelper.mm */ = {isa = PBXFileReference; lastKnownFileType = sourcecode.cpp.objcpp; name = juce_VST3ManifestHelper.mm; path = ../../../../../../../../JUCE/modules/juce_audio_plugin_client/VST3/juce_VST3ManifestHelper.mm; sourceTree = SOURCE_ROOT; };
		79A2C24258C90FD1A4CAA0AE /* include_juce_data_structures.mm */ /* include_juce_data_structures.mm */ = {isa = PBXFileReference; lastKnownFileType = sourcecode.cpp.objcpp; name = include_juce_data_structures.mm; path = ../../JuceLibraryCode/include_juce_data_structures.mm; sourceTree = SOURCE_ROOT; };
		7C07ED8F3EAB2E57DA8DA965 /* Info-Standalone_Plugin.plist */ /* Info-Standalone_Plugin.plist */ = {isa = PBXFileReference; lastKnownFileType = text.plist.xml; name = "Info-Standalone_Plugin.plist"; path = "Info-Standalone_Plugin.plist"; sourceTree = SOURCE_ROOT; };
		82E8D33761875D124F19585B /* include_juce_graphics.mm */ /* include_juce_graphics.mm */ = {isa = PBXFileReference; lastKnownFileType = sourcecode.cpp.objcpp; name = include_juce_graphics.mm; path = ../../JuceLibraryCode/include_juce_graphics.mm; sourceTree = SOURCE_ROOT; };
		83BB8F4E5EAF4CDAAA8D4B54 /* juce_audio_devices */ /* juce_audio_devices */ = {isa = PBXFileReference; lastKnownFileType = folder; name = juce_audio_devices; path = ../../../../../../../../JUCE/modules/juce_audio_devices; sourceTree = SOURCE_ROOT; };
		86F9830CA727D88D5659BDDA /* CoreAudio.framework */ /* CoreAudio.framework */ = {isa = PBXFileReference; lastKnownFileType = wrapper.framework; name = CoreAudio.framework; path = System/Library/Frameworks/CoreAudio.framework; sourceTree = SDKROOT; };
		8868D5D1B5D8CA08D74DB40F /* AU */ = {isa = PBXFileReference; explicitFileType = wrapper.cfbundle; includeInIndex = 0; path = mulx.component; sourceTree = BUILT_PRODUCTS_DIR; };
		8ED0120AFA6F5EEC5EFD8022 /* Info-VST3_Manifest_Helper.plist */ /* Info-VST3_Manifest_Helper.plist */ = {isa = PBXFileReference; lastKnownFileType = text.plist.xml; name = "Info-VST3_Manifest_Helper.plist"; path = "Info-VST3_Manifest_Helper.plist"; sourceTree = SOURCE_ROOT; };
		8FBFA002ADC8C8B06F7AA049 /* include_juce_audio_plugin_client_AUv3.mm */ /* include_juce_audio_plugin_client_AUv3.mm */ = {isa = PBXFileReference; lastKnownFileType = sourcecode.cpp.objcpp; name = include_juce_audio_plugin_client_AUv3.mm; path = ../../JuceLibraryCode/include_juce_audio_plugin_client_AUv3.mm; sourceTree = SOURCE_ROOT; };
		913D80E8FFB314DBC4014F30 /* CoreMIDI.framework */ /* CoreMIDI.framework */ = {isa = PBXFileReference; lastKnownFileType = wrapper.framework; name = CoreMIDI.framework; path = System/Library/Frameworks/CoreMIDI.framework; sourceTree = SDKROOT; };
		98294727586AE114898919C0 /* AUv3 AppExtension */ = {isa = PBXFileReference; explicitFileType = "wrapper.app-extension"; includeInIndex = 0; path = mulx.appex; sourceTree = BUILT_PRODUCTS_DIR; };
		9C4327E0B70125B56FBAFE57 /* juce_events */ /* juce_events */ = {isa = PBXFileReference; lastKnownFileType = folder; name = juce_events; path = ../../../../../../../../JUCE/modules/juce_events; sourceTree = SOURCE_ROOT; };
		9E7713B4175BB84155C84B66 /* Info-AUv3_AppExtension.plist */ /* Info-AUv3_AppExtension.plist */ = {isa = PBXFileReference; lastKnownFileType = text.plist.xml; name = "Info-AUv3_AppExtension.plist"; path = "Info-AUv3_AppExtension.plist"; sourceTree = SOURCE_ROOT; };
		A207F04D52C4743964979D4F /* include_juce_audio_plugin_client_AU_1.mm */ /* include_juce_audio_plugin_client_AU_1.mm */ = {isa = PBXFileReference; lastKnownFileType = sourcecode.cpp.objcpp; name = include_juce_audio_plugin_client_AU_1.mm; path = ../../JuceLibraryCode/include_juce_audio_plugin_client_AU_1.mm; sourceTree = SOURCE_ROOT; };
		A7FEDC4B15DC174FDDD402FD /* AVFoundation.framework */ /* AVFoundation.framework */ = {isa = PBXFileReference; lastKnownFileType = wrapper.framework; name = AVFoundation.framework; path = System/Library/Frameworks/AVFoundation.framework; sourceTree = SDKROOT; };
		A808D7FEFB1D60FE30E158F8 /* Accelerate.framework */ /* Accelerate.framework */ = {isa = PBXFileReference; lastKnownFileType = wrapper.framework; name = Accelerate.framework; path = System/Library/Frameworks/Accelerate.framework; sourceTree = SDKROOT; };
		AB6FCA424867D66C1CDDC56B /* AUv3_AppExtension.entitlements */ /* AUv3_AppExtension.entitlements */ = {isa = PBXFileReference; lastKnownFileType = text.plist.xml; name = AUv3_AppExtension.entitlements; path = AUv3_AppExtension.entitlements; sourceTree = SOURCE_ROOT; };
		AC33E91D82017522837B7974 /* juce_audio_plugin_client */ /* juce_audio_plugin_client */ = {isa = PBXFileReference; lastKnownFileType = folder; name = juce_audio_plugin_client; path = ../../../../../../../../JUCE/modules/juce_audio_plugin_client; sourceTree = SOURCE_ROOT; };
		AE62B572BDEEE80CC5733D54 /* include_juce_core.mm */ /* include_juce_core.mm */ = {isa = PBXFileReference; lastKnownFileType = sourcecode.cpp.objcpp; name = include_juce_core.mm; path = ../../JuceLibraryCode/include_juce_core.mm; sourceTree = SOURCE_ROOT; };
		B1AB9BE311B799D214BE1274 /* WebKit.framework */ /* WebKit.framework */ = {isa = PBXFileReference; lastKnownFileType = wrapper.framework; name = WebKit.framework; path = System/Library/Frameworks/WebKit.framework; sourceTree = SDKROOT; };
		B2C3AEE63980751A4F2450FB /* Info-AU.plist */ /* Info-AU.plist */ = {isa = PBXFileReference; lastKnownFileType = text.plist.xml; name = "Info-AU.plist"; path = "Info-AU.plist"; sourceTree = SOURCE_ROOT; };
		B59276E7DB7E203870503BDD /* AudioUnit.framework */ /* AudioUnit.framework */ = {isa = PBXFileReference; lastKnownFileType = wrapper.framework; name = AudioUnit.framework; path = System/Library/Frameworks/AudioUnit.framework; sourceTree = SDKROOT; };
		B8ED5A0784BCAD741B824D7C /* include_juce_core_CompilationTime.cpp */ /* include_juce_core_CompilationTime.cpp */ = {isa = PBXFileReference; lastKnownFileType = sourcecode.cpp.cpp; name = include_juce_core_CompilationTime.cpp; path = ../../JuceLibraryCode/include_juce_core_CompilationTime.cpp; sourceTree = SOURCE_ROOT; };
		C7E7554EB28582AE5DF0DF5C /* juce_osc */ /* juce_osc */ = {isa = PBXFileReference; lastKnownFileType = folder; name = juce_osc; path = ../../../../../../../../JUCE/modules/juce_osc; sourceTree = SOURCE_ROOT; };
		C83416D04653E5F572ECBE47 /* AudioToolbox.framework */ /* AudioToolbox.framework */ = {isa = PBXFileReference; lastKnownFileType = wrapper.framework; name = AudioToolbox.framework; path = System/Library/Frameworks/AudioToolbox.framework; sourceTree = SDKROOT; };
		CFD628E495F80F2897CD3935 /* include_juce_gui_extra.mm */ /* include_juce_gui_extra.mm */ = {isa = PBXFileReference; lastKnownFileType = sourcecode.cpp.objcpp; name = include_juce_gui_extra.mm; path = ../../JuceLibraryCode/include_juce_gui_extra.mm; sourceTree = SOURCE_ROOT; };
		D39A3C90B32255137B205E78 /* juce_audio_basics */ /* juce_audio_basics */ = {isa = PBXFileReference; lastKnownFileType = folder; name = juce_audio_basics; path = ../../../../../../../../JUCE/modules/juce_audio_basics; sourceTree = SOURCE_ROOT; };
		D5DE353F823F0FD60807453B /* include_juce_osc.cpp */ /* include_juce_osc.cpp */ = {isa = PBXFileReference; lastKnownFileType = sourcecode.cpp.cpp; name = include_juce_osc.cpp; path = ../../JuceLibraryCode/include_juce_osc.cpp; sourceTree = SOURCE_ROOT; };
		D8B4879BFDD6E9477D4CB88E /* juce_gui_basics */ /* juce_gui_basics */ = {isa = PBXFileReference; lastKnownFileType = folder; name = juce_gui_basics; path = ../../../../../../../../JUCE/modules/juce_gui_basics; sourceTree = SOURCE_ROOT; };
		DE14F4F7B439B2B339FDF1AC /* VST3 Manifest Helper */ = {isa = PBXFileReference; explicitFileType = "compiled.mach-o.executable"; includeInIndex = 0; path = juce_vst3_helper; sourceTree = BUILT_PRODUCTS_DIR; };
		DEF34E0B5C3BB9C7D9C7D197 /* include_juce_audio_plugin_client_ARA.cpp */ /* include_juce_audio_plugin_client_ARA.cpp */ = {isa = PBXFileReference; lastKnownFileType = sourcecode.cpp.cpp; name = include_juce_audio_plugin_client_ARA.cpp; path = ../../JuceLibraryCode/include_juce_audio_plugin_client_ARA.cpp; sourceTree = SOURCE_ROOT; };
		E05469D5BA9D45A8B9A4E096 /* include_juce_audio_utils.mm */ /* include_juce_audio_utils.mm */ = {isa = PBXFileReference; lastKnownFileType = sourcecode.cpp.objcpp; name = include_juce_audio_utils.mm; path = ../../JuceLibraryCode/include_juce_audio_utils.mm; sourceTree = SOURCE_ROOT; };
		E21A3FC3142B556114B8DB75 /* include_juce_graphics_Harfbuzz.cpp */ /* include_juce_graphics_Harfbuzz.cpp */ = {isa = PBXFileReference; lastKnownFileType = sourcecode.cpp.cpp; name = include_juce_graphics_Harfbuzz.cpp; path = ../../JuceLibraryCode/include_juce_graphics_Harfbuzz.cpp; sourceTree = SOURCE_ROOT; };
		E4B6CA02C0AD53DEB1776A48 /* include_juce_audio_formats.mm */ /* include_juce_audio_formats.mm */ = {isa = PBXFileReference; lastKnownFileType = sourcecode.cpp.objcpp; name = include_juce_audio_formats.mm; path = ../../JuceLibraryCode/include_juce_audio_formats.mm; sourceTree = SOURCE_ROOT; };
		E52518A8C6E147C710E9D611 /* juce_gui_extra */ /* juce_gui_extra */ = {isa = PBXFileReference; lastKnownFileType = folder; name = juce_gui_extra; path = ../../../../../../../../JUCE/modules/juce_gui_extra; sourceTree = SOURCE_ROOT; };
		E7271234013710D57B52B096 /* juce_opengl */ /* juce_opengl */ = {isa = PBXFileReference; lastKnownFileType = folder; name = juce_opengl; path = ../../../../../../../../JUCE/modules/juce_opengl; sourceTree = SOURCE_ROOT; };
		EC2634F1780BB3F118292CF4 /* include_juce_audio_plugin_client_AU_2.mm */ /* include_juce_audio_plugin_client_AU_2.mm */ = {isa = PBXFileReference; lastKnownFileType = sourcecode.cpp.objcpp; name = include_juce_audio_plugin_client_AU_2.mm; path = ../../JuceLibraryCode/include_juce_audio_plugin_client_AU_2.mm; sourceTree = SOURCE_ROOT; };
		F148E1C8BBBE1C3A7C733BCB /* JucePluginDefines.h */ /* JucePluginDefines.h */ = {isa = PBXFileReference; lastKnownFileType = sourcecode.c.h; name = JucePluginDefines.h; path = ../../JuceLibraryCode/JucePluginDefines.h; sourceTree = SOURCE_ROOT; };
		F8881A8F9802A491C2D7D752 /* include_juce_audio_basics.mm */ /* include_juce_audio_basics.mm */ = {isa = PBXFileReference; lastKnownFileType = sourcecode.cpp.objcpp; name = include_juce_audio_basics.mm; path = ../../JuceLibraryCode/include_juce_audio_basics.mm; sourceTree = SOURCE_ROOT; };
		F9469F9C66F031A5511E345F /* Security.framework */ /* Security.framework */ = {isa = PBXFileReference; lastKnownFileType = wrapper.framework; name = Security.framework; path = System/Library/Frameworks/Security.framework; sourceTree = SDKROOT; };
		FB8DCA78F0225DA57843F35E /* Shared Code */ = {isa = PBXFileReference; explicitFileType = archive.ar; includeInIndex = 0; path = libmulx.a; sourceTree = BUILT_PRODUCTS_DIR; };
		FBCB55700858F26C8AB0480D /* include_juce_audio_processors_lv2_libs.cpp */ /* include_juce_audio_processors_lv2_libs.cpp */ = {isa = PBXFileReference; lastKnownFileType = sourcecode.cpp.cpp; name = include_juce_audio_processors_lv2_libs.cpp; path = ../../JuceLibraryCode/include_juce_audio_processors_lv2_libs.cpp; sourceTree = SOURCE_ROOT; };
/* End PBXFileReference section */

/* Begin PBXFrameworksBuildPhase section */
		19219F5A6A6423C8A07443AC = {
			isa = PBXFrameworksBuildPhase;
			buildActionMask = 2147483647;
			files = (
				8DB997D8A9446968F81CC4FF,
				9099B8295E35E26BF45CB764,
				24EF69A5C16CE751B3C353CF,
				B46FC5AC7BE09A28379C5E10,
				B719B07ABBA640827DDFA7AD,
				0458ABCF4DEACD04773E7D2C,
				541FA89297C48AE1963D1ECC,
				43103AD572F27BB888A53E9F,
				FA86C820533209287DBA4F29,
				FAC71C712336A9B349A1B205,
				2C0897537517C7AA67BF4764,
				513D18012632CA6C0A530DDF,
				C3F8540CC4CBE3354173FF87,
				51A4AE8A42D3D3012A8C333A,
				67D33323FCB5CE4E3E11D14F,
			);
			runOnlyForDeploymentPostprocessing = 0;
		};
		1F7A55707DD2888EDE0232EB = {
			isa = PBXFrameworksBuildPhase;
			buildActionMask = 2147483647;
			files = (
				D21D4BE97CA8FECEFBC4E842,
				8DB997D8A9446968F81CC4FF,
				9099B8295E35E26BF45CB764,
				24EF69A5C16CE751B3C353CF,
				B46FC5AC7BE09A28379C5E10,
				B719B07ABBA640827DDFA7AD,
				0458ABCF4DEACD04773E7D2C,
				541FA89297C48AE1963D1ECC,
				43103AD572F27BB888A53E9F,
				FA86C820533209287DBA4F29,
				FAC71C712336A9B349A1B205,
				2C0897537517C7AA67BF4764,
				513D18012632CA6C0A530DDF,
				C3F8540CC4CBE3354173FF87,
				51A4AE8A42D3D3012A8C333A,
				67D33323FCB5CE4E3E11D14F,
			);
			runOnlyForDeploymentPostprocessing = 0;
		};
		35C86A43FE7472E8D45B46F3 = {
			isa = PBXFrameworksBuildPhase;
			buildActionMask = 2147483647;
			files = (
				8DB997D8A9446968F81CC4FF,
				9099B8295E35E26BF45CB764,
				24EF69A5C16CE751B3C353CF,
				B46FC5AC7BE09A28379C5E10,
				B719B07ABBA640827DDFA7AD,
				0458ABCF4DEACD04773E7D2C,
				541FA89297C48AE1963D1ECC,
				43103AD572F27BB888A53E9F,
				FA86C820533209287DBA4F29,
				FAC71C712336A9B349A1B205,
				2C0897537517C7AA67BF4764,
				513D18012632CA6C0A530DDF,
				C3F8540CC4CBE3354173FF87,
				51A4AE8A42D3D3012A8C333A,
				67D33323FCB5CE4E3E11D14F,
			);
			runOnlyForDeploymentPostprocessing = 0;
		};
		957A9D68B12CAA4093880F55 = {
			isa = PBXFrameworksBuildPhase;
			buildActionMask = 2147483647;
			files = (
				8DB997D8A9446968F81CC4FF,
				9099B8295E35E26BF45CB764,
				24EF69A5C16CE751B3C353CF,
				B46FC5AC7BE09A28379C5E10,
				B719B07ABBA640827DDFA7AD,
				0458ABCF4DEACD04773E7D2C,
				541FA89297C48AE1963D1ECC,
				43103AD572F27BB888A53E9F,
				FA86C820533209287DBA4F29,
				FAC71C712336A9B349A1B205,
				2C0897537517C7AA67BF4764,
				513D18012632CA6C0A530DDF,
				C3F8540CC4CBE3354173FF87,
				51A4AE8A42D3D3012A8C333A,
				67D33323FCB5CE4E3E11D14F,
			);
			runOnlyForDeploymentPostprocessing = 0;
		};
		ECC704D30EEB7017B7A64CE2 = {
			isa = PBXFrameworksBuildPhase;
			buildActionMask = 2147483647;
			files = (
				D21D4BE97CA8FECEFBC4E842,
				8DB997D8A9446968F81CC4FF,
				9099B8295E35E26BF45CB764,
				41B8606D0A55F8E534D03DAD,
				24EF69A5C16CE751B3C353CF,
				B46FC5AC7BE09A28379C5E10,
				B719B07ABBA640827DDFA7AD,
				0458ABCF4DEACD04773E7D2C,
				541FA89297C48AE1963D1ECC,
				43103AD572F27BB888A53E9F,
				FA86C820533209287DBA4F29,
				FAC71C712336A9B349A1B205,
				2C0897537517C7AA67BF4764,
				513D18012632CA6C0A530DDF,
				C3F8540CC4CBE3354173FF87,
				51A4AE8A42D3D3012A8C333A,
				67D33323FCB5CE4E3E11D14F,
			);
			runOnlyForDeploymentPostprocessing = 0;
		};
/* End PBXFrameworksBuildPhase section */

/* Begin PBXGroup section */
		21F141433A8890BC309EECF9 /* JUCE Modules */ = {
			isa = PBXGroup;
			children = (
				D39A3C90B32255137B205E78,
				83BB8F4E5EAF4CDAAA8D4B54,
				13025066694D0E88CA7F3C11,
				AC33E91D82017522837B7974,
				2DF2DE720C34B9F89C9BD9ED,
				5089868B90292B96D5AC4F4D,
				2C7835444967465F9AF73203,
				723B5D94234F39BDCB96F01E,
				9C4327E0B70125B56FBAFE57,
				0FF530A977CEA14E72108C09,
				D8B4879BFDD6E9477D4CB88E,
				E52518A8C6E147C710E9D611,
				E7271234013710D57B52B096,
				C7E7554EB28582AE5DF0DF5C,
			);
			name = "JUCE Modules";
			sourceTree = "<group>";
		};
		311DAC571D614805F8556C9E /* Products */ = {
			isa = PBXGroup;
			children = (
				60175178D5095381D18B0203,
				8868D5D1B5D8CA08D74DB40F,
				98294727586AE114898919C0,
				0D2E4A13B5785619B35A727C,
				FB8DCA78F0225DA57843F35E,
				DE14F4F7B439B2B339FDF1AC,
			);
			name = Products;
			sourceTree = "<group>";
		};
		9E0401CDF4794D8472D08D10 /* Resources */ = {
			isa = PBXGroup;
			children = (
				49ED8E8BF9C5028552E10AAB,
				B2C3AEE63980751A4F2450FB,
				9E7713B4175BB84155C84B66,
				7C07ED8F3EAB2E57DA8DA965,
				8ED0120AFA6F5EEC5EFD8022,
				2BA521195DD7816D148FA966,
			);
			name = Resources;
			sourceTree = "<group>";
		};
		A0A67D1BD7D3121B78F113C1 /* Frameworks */ = {
			isa = PBXGroup;
			children = (
				B59276E7DB7E203870503BDD,
				A808D7FEFB1D60FE30E158F8,
				C83416D04653E5F572ECBE47,
				A7FEDC4B15DC174FDDD402FD,
				2835579B3C911E3551E01F16,
				86F9830CA727D88D5659BDDA,
				134CFDC68E2987AE88219CEE,
				913D80E8FFB314DBC4014F30,
				66DB2489E5D789D658D4E2C0,
				2BDE86EA6E8F2E9F443B88C1,
				535A45578062BAC9D487D8C6,
				4ADA6BC67449177F58E4B99B,
				6C346CBC51CE6A94D2A75B4B,
				F9469F9C66F031A5511E345F,
				B1AB9BE311B799D214BE1274,
				5799C7A77B13E311801289ED,
				1D325BD0C850AE9C5F467438,
			);
			name = Frameworks;
			sourceTree = "<group>";
		};
		C9000A1A3560130A74908685 /* Source */ = {
			isa = PBXGroup;
			children = (
				15CB6282CC12D1680BC22817,
			);
			name = Source;
			sourceTree = "<group>";
		};
		E209381CD0C619CBEE938FCF /* Source */ = {
			isa = PBXGroup;
			children = (
				E5BFDB549C4138C2C43F64B8,
				21F141433A8890BC309EECF9,
				F6FF30BD138C03E6EC764C59,
				9E0401CDF4794D8472D08D10,
				A0A67D1BD7D3121B78F113C1,
				311DAC571D614805F8556C9E,
			);
			name = Source;
			sourceTree = "<group>";
		};
		E5BFDB549C4138C2C43F64B8 /* mulx */ = {
			isa = PBXGroup;
			children = (
				C9000A1A3560130A74908685,
			);
			name = mulx;
			sourceTree = "<group>";
		};
		F6FF30BD138C03E6EC764C59 /* JUCE Library Code */ = {
			isa = PBXGroup;
			children = (
				39E11FF27ED7C442134AADA5,
				F8881A8F9802A491C2D7D752,
				24464ABF2D53601395032996,
				E4B6CA02C0AD53DEB1776A48,
				DEF34E0B5C3BB9C7D9C7D197,
				A207F04D52C4743964979D4F,
				EC2634F1780BB3F118292CF4,
				8FBFA002ADC8C8B06F7AA049,
				4E3D977B5681972445D15B2B,
				6EAEDF5172EE07AC8081B8D6,
				66E4E596DB2AD361EAB2ABE0,
				5C5D969F1341AD571180BF20,
				FBCB55700858F26C8AB0480D,
				E05469D5BA9D45A8B9A4E096,
				AE62B572BDEEE80CC5733D54,
				B8ED5A0784BCAD741B824D7C,
				79A2C24258C90FD1A4CAA0AE,
				43B3DAA6C812572B4E616349,
				82E8D33761875D124F19585B,
				E21A3FC3142B556114B8DB75,
				1E006E572FEBF9FBEA1A2172,
				228B191FEA97B7A1E43BA88D,
				CFD628E495F80F2897CD3935,
				5EB728C647F710D5C988D427,
				D5DE353F823F0FD60807453B,
				031C155E7F7F935F28539433,
				F148E1C8BBBE1C3A7C733BCB,
			);
			name = "JUCE Library Code";
			sourceTree = "<group>";
		};
/* End PBXGroup section */

/* Begin PBXNativeTarget section */
		18B35D5EE9766320FD14A8FA /* mulx - AUv3 AppExtension */ = {
			isa = PBXNativeTarget;
			buildConfigurationList = 743B5BF78634C328174BE2BF;
			buildPhases = (
				194555E058AE6F640375EE2B,
				8F4BBA5D415BE994397283D3,
				ECC704D30EEB7017B7A64CE2,
			);
			buildRules = (
			);
			dependencies = (
				C5E07C1E3C1B000B086007F1,
			);
			name = "mulx - AUv3 AppExtension";
			productName = mulx;
			productReference = 98294727586AE114898919C0;
			productType = "com.apple.product-type.app-extension";
		};
		261C76BBE7561407C2153DB2 /* mulx - VST3 Manifest Helper */ = {
			isa = PBXNativeTarget;
			buildConfigurationList = A0B47FEC5EAC26386888B93A;
			buildPhases = (
				D295A189B12F26BFF5AA6788,
				35C86A43FE7472E8D45B46F3,
			);
			buildRules = (
			);
			dependencies = (
			);
			name = "mulx - VST3 Manifest Helper";
			productName = mulx;
			productReference = DE14F4F7B439B2B339FDF1AC;
			productType = "com.apple.product-type.tool";
		};
		335B1B675CE0DF2F2863FB7A /* mulx - VST3 */ = {
			isa = PBXNativeTarget;
			buildConfigurationList = 651BC921BE1C88160D47A088;
			buildPhases = (
				283CBB73977F6C71DEF8899D,
				C0C6CEB7C1F59237784E148A,
				957A9D68B12CAA4093880F55,
				AB65418D60816048625CC7BB,
				993D26DABF9B91080E7296D4,
			);
			buildRules = (
			);
			dependencies = (
				182994E7C87BFA7B42AB211F,
				229EAEEAED92941D03D5E85E,
			);
			name = "mulx - VST3";
			productName = mulx;
			productReference = 60175178D5095381D18B0203;
			productType = "com.apple.product-type.bundle";
		};
		58EEEDD23DC9B3093DF29D8C /* mulx - AU */ = {
			isa = PBXNativeTarget;
			buildConfigurationList = B2D1B036EA280658A12A377D;
			buildPhases = (
				F5172FC83701D3ED497C454F,
				3E656726113E8180358C913E,
				1F7A55707DD2888EDE0232EB,
				BCE7AD202BF26D6485BC0435,
			);
			buildRules = (
			);
			dependencies = (
				175334BA9038C723D4FD8B21,
			);
			name = "mulx - AU";
			productName = mulx;
			productReference = 8868D5D1B5D8CA08D74DB40F;
			productType = "com.apple.product-type.bundle";
		};
		8E82355F8FED17AEE88DB8A4 /* mulx - Standalone Plugin */ = {
			isa = PBXNativeTarget;
			buildConfigurationList = A685044388B09421EFBAD32B;
			buildPhases = (
				8D48F7C660E8105775F39155,
				9A6268D4608ED0BCA6C59B16,
				19219F5A6A6423C8A07443AC,
				ACB2CD666FF65DEDF95985CC,
			);
			buildRules = (
			);
			dependencies = (
				0C2739265FA0CFD6473EACF3,
				FE25D17682BDD0B709690DF4,
			);
			name = "mulx - Standalone Plugin";
			productName = mulx;
			productReference = 0D2E4A13B5785619B35A727C;
			productType = "com.apple.product-type.application";
		};
		9161A16D3E1E2E4E1A172BE3 /* mulx - Shared Code */ = {
			isa = PBXNativeTarget;
			buildConfigurationList = 1D7F728E031B01B2F399C76E;
			buildPhases = (
				8698080EFF968A27EEAF2A69,
			);
			buildRules = (
			);
			dependencies = (
			);
			name = "mulx - Shared Code";
			productName = mulx;
			productReference = FB8DCA78F0225DA57843F35E;
			productType = "com.apple.product-type.library.static";
		};
/* End PBXNativeTarget section */

/* Begin PBXProject section */
		C247973A805DA138ABD4AA26 = {
			isa = PBXProject;
			attributes = {
				BuildIndependentTargetsInParallel = YES;
				LastUpgradeCheck = 1340;
				ORGANIZATIONNAME = "";
				TargetAttributes = {
					18B35D5EE9766320FD14A8FA = {
						SystemCapabilities = {
							com.apple.ApplicationGroups.iOS = {
								enabled = 0;
							};
							com.apple.HardenedRuntime = {
								enabled = 0;
							};
							com.apple.InAppPurchase = {
								enabled = 0;
							};
							com.apple.InterAppAudio = {
								enabled = 0;
							};
							com.apple.Push = {
								enabled = 0;
							};
							com.apple.Sandbox = {
								enabled = 1;
							};
						};
					};
					261C76BBE7561407C2153DB2 = {
						SystemCapabilities = {
							com.apple.ApplicationGroups.iOS = {
								enabled = 0;
							};
							com.apple.HardenedRuntime = {
								enabled = 0;
							};
							com.apple.InAppPurchase = {
								enabled = 0;
							};
							com.apple.InterAppAudio = {
								enabled = 0;
							};
							com.apple.Push = {
								enabled = 0;
							};
							com.apple.Sandbox = {
								enabled = 0;
							};
						};
					};
					335B1B675CE0DF2F2863FB7A = {
						SystemCapabilities = {
							com.apple.ApplicationGroups.iOS = {
								enabled = 0;
							};
							com.apple.HardenedRuntime = {
								enabled = 0;
							};
							com.apple.InAppPurchase = {
								enabled = 0;
							};
							com.apple.InterAppAudio = {
								enabled = 0;
							};
							com.apple.Push = {
								enabled = 0;
							};
							com.apple.Sandbox = {
								enabled = 0;
							};
						};
					};
					58EEEDD23DC9B3093DF29D8C = {
						SystemCapabilities = {
							com.apple.ApplicationGroups.iOS = {
								enabled = 0;
							};
							com.apple.HardenedRuntime = {
								enabled = 0;
							};
							com.apple.InAppPurchase = {
								enabled = 0;
							};
							com.apple.InterAppAudio = {
								enabled = 0;
							};
							com.apple.Push = {
								enabled = 0;
							};
							com.apple.Sandbox = {
								enabled = 0;
							};
						};
					};
					8A2608B27DFE97CCC99E04C4 = {
						SystemCapabilities = {
							com.apple.ApplicationGroups.iOS = {
								enabled = 0;
							};
							com.apple.HardenedRuntime = {
								enabled = 0;
							};
							com.apple.InAppPurchase = {
								enabled = 0;
							};
							com.apple.InterAppAudio = {
								enabled = 0;
							};
							com.apple.Push = {
								enabled = 0;
							};
							com.apple.Sandbox = {
								enabled = 0;
							};
						};
					};
					8E82355F8FED17AEE88DB8A4 = {
						SystemCapabilities = {
							com.apple.ApplicationGroups.iOS = {
								enabled = 0;
							};
							com.apple.HardenedRuntime = {
								enabled = 0;
							};
							com.apple.InAppPurchase = {
								enabled = 0;
							};
							com.apple.InterAppAudio = {
								enabled = 0;
							};
							com.apple.Push = {
								enabled = 0;
							};
							com.apple.Sandbox = {
								enabled = 0;
							};
						};
					};
					9161A16D3E1E2E4E1A172BE3 = {
						SystemCapabilities = {
							com.apple.ApplicationGroups.iOS = {
								enabled = 0;
							};
							com.apple.HardenedRuntime = {
								enabled = 0;
							};
							com.apple.InAppPurchase = {
								enabled = 0;
							};
							com.apple.InterAppAudio = {
								enabled = 0;
							};
							com.apple.Push = {
								enabled = 0;
							};
							com.apple.Sandbox = {
								enabled = 0;
							};
						};
					};
				};
			};
			buildConfigurationList = A00F71D91E4AE171C3D80216;
			compatibilityVersion = "Xcode 3.2";
			hasScannedForEncodings = 0;
			knownRegions = (
				en,
				Base,
			);
			mainGroup = E209381CD0C619CBEE938FCF;
			projectDirPath = "";
			projectRoot = "";
			targets = (
				8A2608B27DFE97CCC99E04C4,
				335B1B675CE0DF2F2863FB7A,
				58EEEDD23DC9B3093DF29D8C,
				18B35D5EE9766320FD14A8FA,
				8E82355F8FED17AEE88DB8A4,
				9161A16D3E1E2E4E1A172BE3,
				261C76BBE7561407C2153DB2,
			);
		};
/* End PBXProject section */

/* Begin PBXResourcesBuildPhase section */
		194555E058AE6F640375EE2B = {
			isa = PBXResourcesBuildPhase;
			buildActionMask = 2147483647;
			files = (
				B9E81862A0A044747FD9DF7F,
			);
			runOnlyForDeploymentPostprocessing = 0;
		};
		283CBB73977F6C71DEF8899D = {
			isa = PBXResourcesBuildPhase;
			buildActionMask = 2147483647;
			files = (
				B9E81862A0A044747FD9DF7F,
			);
			runOnlyForDeploymentPostprocessing = 0;
		};
		8D48F7C660E8105775F39155 = {
			isa = PBXResourcesBuildPhase;
			buildActionMask = 2147483647;
			files = (
				B9E81862A0A044747FD9DF7F,
			);
			runOnlyForDeploymentPostprocessing = 0;
		};
		F5172FC83701D3ED497C454F = {
			isa = PBXResourcesBuildPhase;
			buildActionMask = 2147483647;
			files = (
				B9E81862A0A044747FD9DF7F,
			);
			runOnlyForDeploymentPostprocessing = 0;
		};
/* End PBXResourcesBuildPhase section */

/* Begin PBXShellScriptBuildPhase section */
		993D26DABF9B91080E7296D4 /* Plugin Copy Step */ = {
			isa = PBXShellScriptBuildPhase;
			buildActionMask = 2147483647;
			files = (
			);
			runOnlyForDeploymentPostprocessing = 0;
			name = "Plugin Copy Step";
			alwaysOutOfDate = 1;
			shellPath = /bin/sh;
			shellScript = "set -euo pipefail\n\nif [[ \"${CONFIGURATION}\" == \"Debug\" ]]; then\n  destinationPlugin=\"${HOME}/Library/Audio/Plug-Ins/VST3//$(basename \"${TARGET_BUILD_DIR}/${WRAPPER_NAME}\")\"\n  echo Running rm -rf \\\"${destinationPlugin}\\\"\n  rm -rf \"${destinationPlugin}\"\n  echo Running ditto \\\"${TARGET_BUILD_DIR}/${WRAPPER_NAME}\\\" \\\"${destinationPlugin}\\\"\n  ditto \"${TARGET_BUILD_DIR}/${WRAPPER_NAME}\" \"${destinationPlugin}\"\n\n  if [[ -n \"${EXPANDED_CODE_SIGN_IDENTITY-}\" ]]; then\n    if [[ -n \"${CODE_SIGN_ENTITLEMENTS-}\" ]]; then\n      entitlementsArg=(--entitlements \"${CODE_SIGN_ENTITLEMENTS}\")\n    fi\n\n    echo Signing Identity: \\\"${EXPANDED_CODE_SIGN_IDENTITY_NAME}\\\"\n    echo Running codesign --verbose=4 --force --sign \\\"${EXPANDED_CODE_SIGN_IDENTITY}\\\" ${entitlementsArg[*]-} ${OTHER_CODE_SIGN_FLAGS-} \\\"${HOME}/Library/Audio/Plug-Ins/VST3//${WRAPPER_NAME}\\\"\n    codesign --verbose=4 --force --sign \"${EXPANDED_CODE_SIGN_IDENTITY}\" ${entitlementsArg[*]-} ${OTHER_CODE_SIGN_FLAGS-} \"${HOME}/Library/Audio/Plug-Ins/VST3//${WRAPPER_NAME}\"\n  fi\nfi\n\nif [[ \"${CONFIGURATION}\" == \"Release\" ]]; then\n  destinationPlugin=\"${HOME}/Library/Audio/Plug-Ins/VST3//$(basename \"${TARGET_BUILD_DIR}/${WRAPPER_NAME}\")\"\n  echo Running rm -rf \\\"${destinationPlugin}\\\"\n  rm -rf \"${destinationPlugin}\"\n  echo Running ditto \\\"${TARGET_BUILD_DIR}/${WRAPPER_NAME}\\\" \\\"${destinationPlugin}\\\"\n  ditto \"${TARGET_BUILD_DIR}/${WRAPPER_NAME}\" \"${destinationPlugin}\"\n\n  if [[ -n \"${EXPANDED_CODE_SIGN_IDENTITY-}\" ]]; then\n    if [[ -n \"${CODE_SIGN_ENTITLEMENTS-}\" ]]; then\n      entitlementsArg=(--entitlements \"${CODE_SIGN_ENTITLEMENTS}\")\n    fi\n\n    echo Signing Identity: \\\"${EXPANDED_CODE_SIGN_IDENTITY_NAME}\\\"\n    echo Running codesign --verbose=4 --force --sign \\\"${EXPANDED_CODE_SIGN_IDENTITY}\\\" ${entitlementsArg[*]-} ${OTHER_CODE_SIGN_FLAGS-} \\\"${HOME}/Library/Audio/Plug-Ins/VST3//${WRAPPER_NAME}\\\"\n    codesign --verbose=4 --force --sign \"${EXPANDED_CODE_SIGN_IDENTITY}\" ${entitlementsArg[*]-} ${OTHER_CODE_SIGN_FLAGS-} \"${HOME}/Library/Audio/Plug-Ins/VST3//${WRAPPER_NAME}\"\n  fi\nfi\n";
		};
		AB65418D60816048625CC7BB /* Update manifest */ = {
			isa = PBXShellScriptBuildPhase;
			buildActionMask = 2147483647;
			files = (
			);
			runOnlyForDeploymentPostprocessing = 0;
			name = "Update manifest";
			alwaysOutOfDate = 1;
			shellPath = /bin/sh;
			shellScript = "set -euo pipefail\n\necho Running codesign --verbose=4 --force --sign - \\\"${CONFIGURATION_BUILD_DIR}/${WRAPPER_NAME}\\\"\ncodesign --verbose=4 --force --sign - \"${CONFIGURATION_BUILD_DIR}/${WRAPPER_NAME}\"\n\necho Running \\\"${CONFIGURATION_BUILD_DIR}/juce_vst3_helper\\\" -create -version \\\"1.0.0\\\" -path \\\"${CONFIGURATION_BUILD_DIR}/${WRAPPER_NAME}\\\" -output \\\"${CONFIGURATION_BUILD_DIR}/${WRAPPER_NAME}/Contents/Resources/moduleinfo.json\\\"\n\"${CONFIGURATION_BUILD_DIR}/juce_vst3_helper\" -create -version \"1.0.0\" -path \"${CONFIGURATION_BUILD_DIR}/${WRAPPER_NAME}\" -output \"${CONFIGURATION_BUILD_DIR}/${WRAPPER_NAME}/Contents/Resources/moduleinfo.json\"\n";
		};
		BCE7AD202BF26D6485BC0435 /* Plugin Copy Step */ = {
			isa = PBXShellScriptBuildPhase;
			buildActionMask = 2147483647;
			files = (
			);
			runOnlyForDeploymentPostprocessing = 0;
			name = "Plugin Copy Step";
			alwaysOutOfDate = 1;
			shellPath = /bin/sh;
			shellScript = "set -euo pipefail\n\nif [[ \"${CONFIGURATION}\" == \"Debug\" ]]; then\n  destinationPlugin=\"${HOME}/Library/Audio/Plug-Ins/Components//$(basename \"${TARGET_BUILD_DIR}/${WRAPPER_NAME}\")\"\n  echo Running rm -rf \\\"${destinationPlugin}\\\"\n  rm -rf \"${destinationPlugin}\"\n  echo Running ditto \\\"${TARGET_BUILD_DIR}/${WRAPPER_NAME}\\\" \\\"${destinationPlugin}\\\"\n  ditto \"${TARGET_BUILD_DIR}/${WRAPPER_NAME}\" \"${destinationPlugin}\"\n\n  if [[ -n \"${EXPANDED_CODE_SIGN_IDENTITY-}\" ]]; then\n    if [[ -n \"${CODE_SIGN_ENTITLEMENTS-}\" ]]; then\n      entitlementsArg=(--entitlements \"${CODE_SIGN_ENTITLEMENTS}\")\n    fi\n\n    echo Signing Identity: \\\"${EXPANDED_CODE_SIGN_IDENTITY_NAME}\\\"\n    echo Running codesign --verbose=4 --force --sign \\\"${EXPANDED_CODE_SIGN_IDENTITY}\\\" ${entitlementsArg[*]-} ${OTHER_CODE_SIGN_FLAGS-} \\\"${HOME}/Library/Audio/Plug-Ins/Components//${WRAPPER_NAME}\\\"\n    codesign --verbose=4 --force --sign \"${EXPANDED_CODE_SIGN_IDENTITY}\" ${entitlementsArg[*]-} ${OTHER_CODE_SIGN_FLAGS-} \"${HOME}/Library/Audio/Plug-Ins/Components//${WRAPPER_NAME}\"\n  fi\nfi\n\nif [[ \"${CONFIGURATION}\" == \"Release\" ]]; then\n  destinationPlugin=\"${HOME}/Library/Audio/Plug-Ins/Components//$(basename \"${TARGET_BUILD_DIR}/${WRAPPER_NAME}\")\"\n  echo Running rm -rf \\\"${destinationPlugin}\\\"\n  rm -rf \"${destinationPlugin}\"\n  echo Running ditto \\\"${TARGET_BUILD_DIR}/${WRAPPER_NAME}\\\" \\\"${destinationPlugin}\\\"\n  ditto \"${TARGET_BUILD_DIR}/${WRAPPER_NAME}\" \"${destinationPlugin}\"\n\n  if [[ -n \"${EXPANDED_CODE_SIGN_IDENTITY-}\" ]]; then\n    if [[ -n \"${CODE_SIGN_ENTITLEMENTS-}\" ]]; then\n      entitlementsArg=(--entitlements \"${CODE_SIGN_ENTITLEMENTS}\")\n    fi\n\n    echo Signing Identity: \\\"${EXPANDED_CODE_SIGN_IDENTITY_NAME}\\\"\n    echo Running codesign --verbose=4 --force --sign \\\"${EXPANDED_CODE_SIGN_IDENTITY}\\\" ${entitlementsArg[*]-} ${OTHER_CODE_SIGN_FLAGS-} \\\"${HOME}/Library/Audio/Plug-Ins/Components//${WRAPPER_NAME}\\\"\n    codesign --verbose=4 --force --sign \"${EXPANDED_CODE_SIGN_IDENTITY}\" ${entitlementsArg[*]-} ${OTHER_CODE_SIGN_FLAGS-} \"${HOME}/Library/Audio/Plug-Ins/Components//${WRAPPER_NAME}\"\n  fi\nfi\n";
		};
/* End PBXShellScriptBuildPhase section */

/* Begin PBXSourcesBuildPhase section */
		3E656726113E8180358C913E = {
			isa = PBXSourcesBuildPhase;
			buildActionMask = 2147483647;
			files = (
				05722E8150292D90B6F419E1,
				BB2A7BCE24209531D7A5286D,
			);
			runOnlyForDeploymentPostprocessing = 0;
		};
		8698080EFF968A27EEAF2A69 = {
			isa = PBXSourcesBuildPhase;
			buildActionMask = 2147483647;
			files = (
				A19CFA3445C4A1AD4520DB26,
				D9FE958C37795D89F855BC5E,
				273C6D909ED11FF2D1B8F4C5,
				046C0D3DED968AD1C89F0CE0,
				477DF0023A4934588FD9BAA5,
				F9D13D66CB5E123B35BCC961,
				EF375B4287BC03289D8E2C74,
				DDAC533F1784E0206B6D3B7B,
				B4E63329067545AF6F87A4EE,
				C486EBA78715529D1CBA6639,
				FCD3FA5100CFB8BCA994B235,
				97B5D54D6EBE458BE7E7A659,
				061D7C82BAC229747FFE884E,
				E8E712521D0B6E30FDDBC6CB,
				CD5DE048E776D560A167402D,
				A30E5E3FF4A46CF597CF9C35,
				8B2DD17EE4703896650F734B,
				C8CA6AD9DF0DF8A854FF633A,
				1033775656052F54CCE27D7C,
				5B05514598C98754A6442D4E,
			);
			runOnlyForDeploymentPostprocessing = 0;
		};
		8F4BBA5D415BE994397283D3 = {
			isa = PBXSourcesBuildPhase;
			buildActionMask = 2147483647;
			files = (
				B321DE27195477CA4BBCBC85,
			);
			runOnlyForDeploymentPostprocessing = 0;
		};
		9A6268D4608ED0BCA6C59B16 = {
			isa = PBXSourcesBuildPhase;
			buildActionMask = 2147483647;
			files = (
				E4B40E1127946CE4EBFE93F2,
			);
			runOnlyForDeploymentPostprocessing = 0;
		};
		C0C6CEB7C1F59237784E148A = {
			isa = PBXSourcesBuildPhase;
			buildActionMask = 2147483647;
			files = (
				F00E75C20A058D07B64C23C3,
			);
			runOnlyForDeploymentPostprocessing = 0;
		};
		D295A189B12F26BFF5AA6788 = {
			isa = PBXSourcesBuildPhase;
			buildActionMask = 2147483647;
			files = (
				E79928E8DA515C147FA6B3F3,
			);
			runOnlyForDeploymentPostprocessing = 0;
		};
/* End PBXSourcesBuildPhase section */

/* Begin PBXTargetDependency section */
		0C2739265FA0CFD6473EACF3 = {
			isa = PBXTargetDependency;
			target = 9161A16D3E1E2E4E1A172BE3;
		};
		175334BA9038C723D4FD8B21 = {
			isa = PBXTargetDependency;
			target = 9161A16D3E1E2E4E1A172BE3;
		};
		182994E7C87BFA7B42AB211F = {
			isa = PBXTargetDependency;
			target = 9161A16D3E1E2E4E1A172BE3;
		};
		229EAEEAED92941D03D5E85E = {
			isa = PBXTargetDependency;
			target = 261C76BBE7561407C2153DB2;
		};
		3395193E1DF14BC598328A30 = {
			isa = PBXTargetDependency;
			target = 58EEEDD23DC9B3093DF29D8C;
		};
		57CD6A259D2815A7611C68EF = {
			isa = PBXTargetDependency;
			target = 8E82355F8FED17AEE88DB8A4;
		};
		63E80EE29B0A60B6C37A4625 = {
			isa = PBXTargetDependency;
			target = 261C76BBE7561407C2153DB2;
		};
		82E3D439E7F4A3CC5688A9BC = {
			isa = PBXTargetDependency;
			target = 18B35D5EE9766320FD14A8FA;
		};
		8CADFCA092271EE486D2A659 = {
			isa = PBXTargetDependency;
			target = 9161A16D3E1E2E4E1A172BE3;
		};
		965E6DB01781840E2274947A = {
			isa = PBXTargetDependency;
			target = 335B1B675CE0DF2F2863FB7A;
		};
		C5E07C1E3C1B000B086007F1 = {
			isa = PBXTargetDependency;
			target = 9161A16D3E1E2E4E1A172BE3;
		};
		FE25D17682BDD0B709690DF4 = {
			isa = PBXTargetDependency;
			target = 18B35D5EE9766320FD14A8FA;
		};
/* End PBXTargetDependency section */

/* Begin XCBuildConfiguration section */
		1EF663B2ED824C233508BF62 /* Release */ = {
			isa = XCBuildConfiguration;
			buildSettings = {
				CLANG_CXX_LANGUAGE_STANDARD = "c++17";
				CLANG_CXX_LIBRARY = "libc++";
				CLANG_LINK_OBJC_RUNTIME = NO;
				COMBINE_HIDPI_IMAGES = YES;
				CONFIGURATION_BUILD_DIR = "$(PROJECT_DIR)/build/$(CONFIGURATION)";
				DEAD_CODE_STRIPPING = YES;
				EXCLUDED_ARCHS = "";
				GCC_GENERATE_DEBUGGING_SYMBOLS = NO;
				GCC_OPTIMIZATION_LEVEL = 3;
				GCC_PREPROCESSOR_DEFINITIONS = (
					"_NDEBUG=1",
					"NDEBUG=1",
					"JUCER_XCODE_MAC_F6D2F4CF=1",
					"JUCE_APP_VERSION=1.0.0",
					"JUCE_APP_VERSION_HEX=0x10000",
					"JucePlugin_Build_VST=0",
					"JucePlugin_Build_VST3=1",
					"JucePlugin_Build_AU=1",
					"JucePlugin_Build_AUv3=1",
					"JucePlugin_Build_AAX=0",
					"JucePlugin_Build_Standalone=1",
					"JucePlugin_Build_Unity=0",
					"JucePlugin_Build_LV2=0",
					"JUCE_SHARED_CODE=1",
				);
				GCC_VERSION = com.apple.compilers.llvm.clang.1_0;
				HEADER_SEARCH_PATHS = (
					"$(SRCROOT)/../../../../../../../../JUCE/modules/juce_audio_processors/format_types/VST3_SDK",
					"$(SRCROOT)/../../JuceLibraryCode",
					"$(SRCROOT)/../../../../../../../../JUCE/modules",
					"$(SRCROOT)/../../../../../../../../JUCE/modules/juce_audio_plugin_client/AU",
					"$(inherited)",
				);
				INSTALL_PATH = "@executable_path/../Frameworks";
				LLVM_LTO = YES;
				MACOSX_DEPLOYMENT_TARGET = 10.13;
				MTL_HEADER_SEARCH_PATHS = "$(SRCROOT)/../../../../../../../../JUCE/modules/juce_audio_processors/format_types/VST3_SDK $(SRCROOT)/../../JuceLibraryCode $(SRCROOT)/../../../../../../../../JUCE/modules $(SRCROOT)/../../../../../../../../JUCE/modules/juce_audio_plugin_client/AU";
				OTHER_CFLAGS = "-I /usr/local/include/ -DNVOICES=NUM_VOICES -DFAUSTFLOAT=float";
				OTHER_CPLUSPLUSFLAGS = "-I /usr/local/include/ -DNVOICES=NUM_VOICES -DFAUSTFLOAT=float";
				PRODUCT_BUNDLE_IDENTIFIER = com.grame.mulx;
				PRODUCT_NAME = "mulx";
				SKIP_INSTALL = YES;
				USE_HEADERMAP = NO;
				VALIDATE_WORKSPACE_SKIPPED_SDK_FRAMEWORKS = OpenGL;
				VALID_ARCHS = "i386 x86_64 arm64 arm64e";
			};
			name = Release;
		};
		25275C3A9C68937F25299C9D /* Debug */ = {
			isa = XCBuildConfiguration;
			buildSettings = {
				CLANG_CXX_LANGUAGE_STANDARD = "c++17";
				CLANG_CXX_LIBRARY = "libc++";
				CLANG_LINK_OBJC_RUNTIME = NO;
				COMBINE_HIDPI_IMAGES = YES;
				CONFIGURATION_BUILD_DIR = "$(PROJECT_DIR)/build/$(CONFIGURATION)";
				COPY_PHASE_STRIP = NO;
				EXCLUDED_ARCHS = "";
				GCC_DYNAMIC_NO_PIC = NO;
				GCC_OPTIMIZATION_LEVEL = 0;
				GCC_PREPROCESSOR_DEFINITIONS = (
					"_DEBUG=1",
					"DEBUG=1",
					"JUCER_XCODE_MAC_F6D2F4CF=1",
					"JUCE_APP_VERSION=1.0.0",
					"JUCE_APP_VERSION_HEX=0x10000",
					"JucePlugin_Build_VST=0",
					"JucePlugin_Build_VST3=1",
					"JucePlugin_Build_AU=0",
					"JucePlugin_Build_AUv3=0",
					"JucePlugin_Build_AAX=0",
					"JucePlugin_Build_Standalone=0",
					"JucePlugin_Build_Unity=0",
					"JucePlugin_Build_LV2=0",
				);
				GCC_VERSION = com.apple.compilers.llvm.clang.1_0;
				GENERATE_PKGINFO_FILE = YES;
				HEADER_SEARCH_PATHS = (
					"$(SRCROOT)/../../../../../../../../JUCE/modules/juce_audio_processors/format_types/VST3_SDK",
					"$(SRCROOT)/../../JuceLibraryCode",
					"$(SRCROOT)/../../../../../../../../JUCE/modules",
					"$(SRCROOT)/../../../../../../../../JUCE/modules/juce_audio_plugin_client/AU",
					"$(inherited)",
				);
				INFOPLIST_FILE = Info-VST3.plist;
				INFOPLIST_PREPROCESS = NO;
				INSTALL_PATH = "$(HOME)/Library/Audio/Plug-Ins/VST3/";
				LIBRARY_STYLE = Bundle;
				MACOSX_DEPLOYMENT_TARGET = 10.13;
				MTL_HEADER_SEARCH_PATHS = "$(SRCROOT)/../../../../../../../../JUCE/modules/juce_audio_processors/format_types/VST3_SDK $(SRCROOT)/../../JuceLibraryCode $(SRCROOT)/../../../../../../../../JUCE/modules $(SRCROOT)/../../../../../../../../JUCE/modules/juce_audio_plugin_client/AU";
				OTHER_CFLAGS = "-I /usr/local/include/ -DNVOICES=NUM_VOICES -DFAUSTFLOAT=float";
				OTHER_CPLUSPLUSFLAGS = "-I /usr/local/include/ -DNVOICES=NUM_VOICES -DFAUSTFLOAT=float";
				OTHER_LDFLAGS = "-bundle -lmulx";
				PRODUCT_BUNDLE_IDENTIFIER = com.grame.mulx;
				PRODUCT_NAME = "mulx";
				USE_HEADERMAP = NO;
				VALIDATE_WORKSPACE_SKIPPED_SDK_FRAMEWORKS = OpenGL;
				VALID_ARCHS = "i386 x86_64 arm64 arm64e";
				WRAPPER_EXTENSION = vst3;
			};
			name = Debug;
		};
		316093C1F032E1B277EEED2B /* Debug */ = {
			isa = XCBuildConfiguration;
			buildSettings = {
				CLANG_CXX_LANGUAGE_STANDARD = "c++17";
				CLANG_CXX_LIBRARY = "libc++";
				CLANG_LINK_OBJC_RUNTIME = NO;
				COMBINE_HIDPI_IMAGES = YES;
				CONFIGURATION_BUILD_DIR = "$(PROJECT_DIR)/build/$(CONFIGURATION)";
				COPY_PHASE_STRIP = NO;
				EXCLUDED_ARCHS = "";
				GCC_DYNAMIC_NO_PIC = NO;
				GCC_OPTIMIZATION_LEVEL = 0;
				GCC_PREPROCESSOR_DEFINITIONS = (
					"_DEBUG=1",
					"DEBUG=1",
					"JUCER_XCODE_MAC_F6D2F4CF=1",
					"JUCE_APP_VERSION=1.0.0",
					"JUCE_APP_VERSION_HEX=0x10000",
					"JucePlugin_Build_VST=0",
					"JucePlugin_Build_VST3=1",
					"JucePlugin_Build_AU=1",
					"JucePlugin_Build_AUv3=1",
					"JucePlugin_Build_AAX=0",
					"JucePlugin_Build_Standalone=1",
					"JucePlugin_Build_Unity=0",
					"JucePlugin_Build_LV2=0",
					"JUCE_SHARED_CODE=1",
				);
				GCC_VERSION = com.apple.compilers.llvm.clang.1_0;
				HEADER_SEARCH_PATHS = (
					"$(SRCROOT)/../../../../../../../../JUCE/modules/juce_audio_processors/format_types/VST3_SDK",
					"$(SRCROOT)/../../JuceLibraryCode",
					"$(SRCROOT)/../../../../../../../../JUCE/modules",
					"$(SRCROOT)/../../../../../../../../JUCE/modules/juce_audio_plugin_client/AU",
					"$(inherited)",
				);
				INSTALL_PATH = "@executable_path/../Frameworks";
				MACOSX_DEPLOYMENT_TARGET = 10.13;
				MTL_HEADER_SEARCH_PATHS = "$(SRCROOT)/../../../../../../../../JUCE/modules/juce_audio_processors/format_types/VST3_SDK $(SRCROOT)/../../JuceLibraryCode $(SRCROOT)/../../../../../../../../JUCE/modules $(SRCROOT)/../../../../../../../../JUCE/modules/juce_audio_plugin_client/AU";
				OTHER_CFLAGS = "-I /usr/local/include/ -DNVOICES=NUM_VOICES -DFAUSTFLOAT=float";
				OTHER_CPLUSPLUSFLAGS = "-I /usr/local/include/ -DNVOICES=NUM_VOICES -DFAUSTFLOAT=float";
				PRODUCT_BUNDLE_IDENTIFIER = com.grame.mulx;
				PRODUCT_NAME = "mulx";
				SKIP_INSTALL = YES;
				USE_HEADERMAP = NO;
				VALIDATE_WORKSPACE_SKIPPED_SDK_FRAMEWORKS = OpenGL;
				VALID_ARCHS = "i386 x86_64 arm64 arm64e";
			};
			name = Debug;
		};
		3C647A6B536323FF8515392F /* Debug */ = {
			isa = XCBuildConfiguration;
			buildSettings = {
				MACOSX_DEPLOYMENT_TARGET = 10.13;
				SDKROOT = macosx;
			};
			name = Debug;
		};
		8BBF5A6497D295CA32D7C6D3 /* Debug */ = {
			isa = XCBuildConfiguration;
			buildSettings = {
				CLANG_CXX_LANGUAGE_STANDARD = "c++17";
				CLANG_CXX_LIBRARY = "libc++";
				CLANG_LINK_OBJC_RUNTIME = NO;
				COMBINE_HIDPI_IMAGES = YES;
				CONFIGURATION_BUILD_DIR = "$(PROJECT_DIR)/build/$(CONFIGURATION)";
				COPY_PHASE_STRIP = NO;
				EXCLUDED_ARCHS = "";
				GCC_DYNAMIC_NO_PIC = NO;
				GCC_OPTIMIZATION_LEVEL = 0;
				GCC_PREPROCESSOR_DEFINITIONS = (
					"_DEBUG=1",
					"DEBUG=1",
					"JUCER_XCODE_MAC_F6D2F4CF=1",
					"JUCE_APP_VERSION=1.0.0",
					"JUCE_APP_VERSION_HEX=0x10000",
					"JucePlugin_Build_VST=0",
					"JucePlugin_Build_VST3=0",
					"JucePlugin_Build_AU=1",
					"JucePlugin_Build_AUv3=0",
					"JucePlugin_Build_AAX=0",
					"JucePlugin_Build_Standalone=0",
					"JucePlugin_Build_Unity=0",
					"JucePlugin_Build_LV2=0",
				);
				GCC_VERSION = com.apple.compilers.llvm.clang.1_0;
				GENERATE_PKGINFO_FILE = YES;
				HEADER_SEARCH_PATHS = (
					"$(SRCROOT)/../../../../../../../../JUCE/modules/juce_audio_processors/format_types/VST3_SDK",
					"$(SRCROOT)/../../JuceLibraryCode",
					"$(SRCROOT)/../../../../../../../../JUCE/modules",
					"$(SRCROOT)/../../../../../../../../JUCE/modules/juce_audio_plugin_client/AU",
					"$(inherited)",
				);
				INFOPLIST_FILE = Info-AU.plist;
				INFOPLIST_PREPROCESS = NO;
				INSTALL_PATH = "$(HOME)/Library/Audio/Plug-Ins/Components/";
				LIBRARY_STYLE = Bundle;
				MACOSX_DEPLOYMENT_TARGET = 10.13;
				MTL_HEADER_SEARCH_PATHS = "$(SRCROOT)/../../../../../../../../JUCE/modules/juce_audio_processors/format_types/VST3_SDK $(SRCROOT)/../../JuceLibraryCode $(SRCROOT)/../../../../../../../../JUCE/modules $(SRCROOT)/../../../../../../../../JUCE/modules/juce_audio_plugin_client/AU";
				OTHER_CFLAGS = "-I /usr/local/include/ -DNVOICES=NUM_VOICES -DFAUSTFLOAT=float";
				OTHER_CPLUSPLUSFLAGS = "-I /usr/local/include/ -DNVOICES=NUM_VOICES -DFAUSTFLOAT=float";
				OTHER_LDFLAGS = "-bundle -lmulx";
				OTHER_REZFLAGS = "-d ppc_$ppc -d i386_$i386 -d ppc64_$ppc64 -d x86_64_$x86_64 -d arm64_$arm64 -I /System/Library/Frameworks/CoreServices.framework/Frameworks/CarbonCore.framework/Versions/A/Headers -I \"$(DEVELOPER_DIR)/Extras/CoreAudio/AudioUnits/AUPublic/AUBase\" -I \"$(DEVELOPER_DIR)/Platforms/MacOSX.platform/Developer/SDKs/MacOSX.sdk/System/Library/Frameworks/AudioUnit.framework/Headers\"";
				PRODUCT_BUNDLE_IDENTIFIER = com.grame.mulx;
				PRODUCT_NAME = "mulx";
				USE_HEADERMAP = NO;
				VALIDATE_WORKSPACE_SKIPPED_SDK_FRAMEWORKS = OpenGL;
				VALID_ARCHS = "i386 x86_64 arm64 arm64e";
				WRAPPER_EXTENSION = component;
			};
			name = Debug;
		};
		8E2D5F78429DE0BB677A9812 /* Release */ = {
			isa = XCBuildConfiguration;
			buildSettings = {
				CLANG_CXX_LANGUAGE_STANDARD = "c++17";
				CLANG_CXX_LIBRARY = "libc++";
				CLANG_LINK_OBJC_RUNTIME = NO;
				COMBINE_HIDPI_IMAGES = YES;
				CONFIGURATION_BUILD_DIR = "$(PROJECT_DIR)/build/$(CONFIGURATION)";
				DEAD_CODE_STRIPPING = YES;
				EXCLUDED_ARCHS = "";
				GCC_GENERATE_DEBUGGING_SYMBOLS = NO;
				GCC_OPTIMIZATION_LEVEL = 3;
				GCC_PREPROCESSOR_DEFINITIONS = (
					"_NDEBUG=1",
					"NDEBUG=1",
					"JUCER_XCODE_MAC_F6D2F4CF=1",
					"JUCE_APP_VERSION=1.0.0",
					"JUCE_APP_VERSION_HEX=0x10000",
					"JucePlugin_Build_VST=0",
					"JucePlugin_Build_VST3=0",
					"JucePlugin_Build_AU=0",
					"JucePlugin_Build_AUv3=0",
					"JucePlugin_Build_AAX=0",
					"JucePlugin_Build_Standalone=1",
					"JucePlugin_Build_Unity=0",
					"JucePlugin_Build_LV2=0",
				);
				GCC_VERSION = com.apple.compilers.llvm.clang.1_0;
				HEADER_SEARCH_PATHS = (
					"$(SRCROOT)/../../../../../../../../JUCE/modules/juce_audio_processors/format_types/VST3_SDK",
					"$(SRCROOT)/../../JuceLibraryCode",
					"$(SRCROOT)/../../../../../../../../JUCE/modules",
					"$(SRCROOT)/../../../../../../../../JUCE/modules/juce_audio_plugin_client/AU",
					"$(inherited)",
				);
				INFOPLIST_FILE = Info-Standalone_Plugin.plist;
				INFOPLIST_PREPROCESS = NO;
				LLVM_LTO = YES;
				MACOSX_DEPLOYMENT_TARGET = 10.13;
				MTL_HEADER_SEARCH_PATHS = "$(SRCROOT)/../../../../../../../../JUCE/modules/juce_audio_processors/format_types/VST3_SDK $(SRCROOT)/../../JuceLibraryCode $(SRCROOT)/../../../../../../../../JUCE/modules $(SRCROOT)/../../../../../../../../JUCE/modules/juce_audio_plugin_client/AU";
				OTHER_CFLAGS = "-I /usr/local/include/ -DNVOICES=NUM_VOICES -DFAUSTFLOAT=float";
				OTHER_CPLUSPLUSFLAGS = "-I /usr/local/include/ -DNVOICES=NUM_VOICES -DFAUSTFLOAT=float";
				OTHER_LDFLAGS = "-lmulx";
				PRODUCT_BUNDLE_IDENTIFIER = com.grame.mulx;
				PRODUCT_NAME = "mulx";
				USE_HEADERMAP = NO;
				VALIDATE_WORKSPACE_SKIPPED_SDK_FRAMEWORKS = OpenGL;
				VALID_ARCHS = "i386 x86_64 arm64 arm64e";
			};
			name = Release;
		};
		98F90BAA15D7A1088EEC587D /* Release */ = {
			isa = XCBuildConfiguration;
			buildSettings = {
				MACOSX_DEPLOYMENT_TARGET = 10.13;
				SDKROOT = macosx;
			};
			name = Release;
		};
		A97943508810645031E2F17B /* Release */ = {
			isa = XCBuildConfiguration;
			buildSettings = {
				CLANG_CXX_LANGUAGE_STANDARD = "c++17";
				CLANG_CXX_LIBRARY = "libc++";
				CLANG_LINK_OBJC_RUNTIME = NO;
				COMBINE_HIDPI_IMAGES = YES;
				CONFIGURATION_BUILD_DIR = "$(PROJECT_DIR)/build/$(CONFIGURATION)";
				DEAD_CODE_STRIPPING = YES;
				EXCLUDED_ARCHS = "";
				GCC_GENERATE_DEBUGGING_SYMBOLS = NO;
				GCC_OPTIMIZATION_LEVEL = 3;
				GCC_PREPROCESSOR_DEFINITIONS = (
					"_NDEBUG=1",
					"NDEBUG=1",
					"JUCER_XCODE_MAC_F6D2F4CF=1",
					"JUCE_APP_VERSION=1.0.0",
					"JUCE_APP_VERSION_HEX=0x10000",
					"JucePlugin_Build_VST=0",
					"JucePlugin_Build_VST3=0",
					"JucePlugin_Build_AU=1",
					"JucePlugin_Build_AUv3=0",
					"JucePlugin_Build_AAX=0",
					"JucePlugin_Build_Standalone=0",
					"JucePlugin_Build_Unity=0",
					"JucePlugin_Build_LV2=0",
				);
				GCC_VERSION = com.apple.compilers.llvm.clang.1_0;
				GENERATE_PKGINFO_FILE = YES;
				HEADER_SEARCH_PATHS = (
					"$(SRCROOT)/../../../../../../../../JUCE/modules/juce_audio_processors/format_types/VST3_SDK",
					"$(SRCROOT)/../../JuceLibraryCode",
					"$(SRCROOT)/../../../../../../../../JUCE/modules",
					"$(SRCROOT)/../../../../../../../../JUCE/modules/juce_audio_plugin_client/AU",
					"$(inherited)",
				);
				INFOPLIST_FILE = Info-AU.plist;
				INFOPLIST_PREPROCESS = NO;
				INSTALL_PATH = "$(HOME)/Library/Audio/Plug-Ins/Components/";
				LIBRARY_STYLE = Bundle;
				LLVM_LTO = YES;
				MACOSX_DEPLOYMENT_TARGET = 10.13;
				MTL_HEADER_SEARCH_PATHS = "$(SRCROOT)/../../../../../../../../JUCE/modules/juce_audio_processors/format_types/VST3_SDK $(SRCROOT)/../../JuceLibraryCode $(SRCROOT)/../../../../../../../../JUCE/modules $(SRCROOT)/../../../../../../../../JUCE/modules/juce_audio_plugin_client/AU";
				OTHER_CFLAGS = "-I /usr/local/include/ -DNVOICES=NUM_VOICES -DFAUSTFLOAT=float";
				OTHER_CPLUSPLUSFLAGS = "-I /usr/local/include/ -DNVOICES=NUM_VOICES -DFAUSTFLOAT=float";
				OTHER_LDFLAGS = "-bundle -lmulx";
				OTHER_REZFLAGS = "-d ppc_$ppc -d i386_$i386 -d ppc64_$ppc64 -d x86_64_$x86_64 -d arm64_$arm64 -I /System/Library/Frameworks/CoreServices.framework/Frameworks/CarbonCore.framework/Versions/A/Headers -I \"$(DEVELOPER_DIR)/Extras/CoreAudio/AudioUnits/AUPublic/AUBase\" -I \"$(DEVELOPER_DIR)/Platforms/MacOSX.platform/Developer/SDKs/MacOSX.sdk/System/Library/Frameworks/AudioUnit.framework/Headers\"";
				PRODUCT_BUNDLE_IDENTIFIER = com.grame.mulx;
				PRODUCT_NAME = "mulx";
				USE_HEADERMAP = NO;
				VALIDATE_WORKSPACE_SKIPPED_SDK_FRAMEWORKS = OpenGL;
				VALID_ARCHS = "i386 x86_64 arm64 arm64e";
				WRAPPER_EXTENSION = component;
			};
			name = Release;
		};
		AA15959D474F86A67A9CE95D /* Debug */ = {
			isa = XCBuildConfiguration;
			buildSettings = {
				CLANG_CXX_LANGUAGE_STANDARD = "c++17";
				CLANG_CXX_LIBRARY = "libc++";
				CLANG_LINK_OBJC_RUNTIME = NO;
				COMBINE_HIDPI_IMAGES = YES;
				CONFIGURATION_BUILD_DIR = "$(PROJECT_DIR)/build/$(CONFIGURATION)";
				COPY_PHASE_STRIP = NO;
				EXCLUDED_ARCHS = "";
				GCC_DYNAMIC_NO_PIC = NO;
				GCC_OPTIMIZATION_LEVEL = 0;
				GCC_PREPROCESSOR_DEFINITIONS = (
					"_DEBUG=1",
					"DEBUG=1",
					"JUCER_XCODE_MAC_F6D2F4CF=1",
					"JUCE_APP_VERSION=1.0.0",
					"JUCE_APP_VERSION_HEX=0x10000",
					"JucePlugin_Build_VST=0",
					"JucePlugin_Build_VST3=0",
					"JucePlugin_Build_AU=0",
					"JucePlugin_Build_AUv3=0",
					"JucePlugin_Build_AAX=0",
					"JucePlugin_Build_Standalone=0",
					"JucePlugin_Build_Unity=0",
					"JucePlugin_Build_LV2=0",
				);
				GCC_VERSION = com.apple.compilers.llvm.clang.1_0;
				HEADER_SEARCH_PATHS = (
					"$(SRCROOT)/../../../../../../../../JUCE/modules/juce_audio_processors/format_types/VST3_SDK",
					"$(SRCROOT)/../../JuceLibraryCode",
					"$(SRCROOT)/../../../../../../../../JUCE/modules",
					"$(SRCROOT)/../../../../../../../../JUCE/modules/juce_audio_plugin_client/AU",
					"$(inherited)",
				);
				INFOPLIST_FILE = Info-VST3_Manifest_Helper.plist;
				INFOPLIST_PREPROCESS = NO;
				MACOSX_DEPLOYMENT_TARGET = 10.13;
				MTL_HEADER_SEARCH_PATHS = "$(SRCROOT)/../../../../../../../../JUCE/modules/juce_audio_processors/format_types/VST3_SDK $(SRCROOT)/../../JuceLibraryCode $(SRCROOT)/../../../../../../../../JUCE/modules $(SRCROOT)/../../../../../../../../JUCE/modules/juce_audio_plugin_client/AU";
				OTHER_CFLAGS = "-I /usr/local/include/ -DNVOICES=NUM_VOICES -DFAUSTFLOAT=float";
				OTHER_CPLUSPLUSFLAGS = "-I /usr/local/include/ -DNVOICES=NUM_VOICES -DFAUSTFLOAT=float";
				PRODUCT_BUNDLE_IDENTIFIER = com.grame.mulx;
				PRODUCT_NAME = "juce_vst3_helper";
				USE_HEADERMAP = NO;
				VALIDATE_WORKSPACE_SKIPPED_SDK_FRAMEWORKS = OpenGL;
				VALID_ARCHS = "i386 x86_64 arm64 arm64e";
			};
			name = Debug;
		};
		ADB4A6CDE90F7D7F89380065 /* Debug */ = {
			isa = XCBuildConfiguration;
			buildSettings = {
				ALWAYS_SEARCH_USER_PATHS = NO;
				CLANG_ENABLE_OBJC_WEAK = YES;
				CLANG_WARN_BLOCK_CAPTURE_AUTORELEASING = YES;
				CLANG_WARN_BOOL_CONVERSION = YES;
				CLANG_WARN_COMMA = YES;
				CLANG_WARN_CONSTANT_CONVERSION = YES;
				CLANG_WARN_DEPRECATED_OBJC_IMPLEMENTATIONS = YES;
				CLANG_WARN_EMPTY_BODY = YES;
				CLANG_WARN_ENUM_CONVERSION = YES;
				CLANG_WARN_INFINITE_RECURSION = YES;
				CLANG_WARN_INT_CONVERSION = YES;
				CLANG_WARN_NON_LITERAL_NULL_CONVERSION = YES;
				CLANG_WARN_OBJC_IMPLICIT_RETAIN_SELF = YES;
				CLANG_WARN_OBJC_LITERAL_CONVERSION = YES;
				CLANG_WARN_RANGE_LOOP_ANALYSIS = YES;
				CLANG_WARN_STRICT_PROTOTYPES = YES;
				CLANG_WARN_SUSPICIOUS_MOVE = YES;
				CLANG_WARN_UNREACHABLE_CODE = YES;
				CLANG_WARN__DUPLICATE_METHOD_MATCH = YES;
				DEBUG_INFORMATION_FORMAT = dwarf;
				ENABLE_STRICT_OBJC_MSGSEND = YES;
				ENABLE_TESTABILITY = NO;
				GCC_C_LANGUAGE_STANDARD = c11;
				GCC_INLINES_ARE_PRIVATE_EXTERN = YES;
				GCC_MODEL_TUNING = G5;
				GCC_NO_COMMON_BLOCKS = YES;
				GCC_SYMBOLS_PRIVATE_EXTERN = YES;
				GCC_WARN_64_TO_32_BIT_CONVERSION = YES;
				GCC_WARN_ABOUT_RETURN_TYPE = YES;
				GCC_WARN_CHECK_SWITCH_STATEMENTS = YES;
				GCC_WARN_MISSING_PARENTHESES = YES;
				GCC_WARN_NON_VIRTUAL_DESTRUCTOR = YES;
				GCC_WARN_TYPECHECK_CALLS_TO_PRINTF = YES;
				GCC_WARN_UNDECLARED_SELECTOR = YES;
				GCC_WARN_UNINITIALIZED_AUTOS = YES;
				GCC_WARN_UNUSED_FUNCTION = YES;
				GCC_WARN_UNUSED_VARIABLE = YES;
				ONLY_ACTIVE_ARCH = YES;
				OTHER_CODE_SIGN_FLAGS = --timestamp;
				PRODUCT_NAME = "mulx";
				SDKROOT = macosx;
				WARNING_CFLAGS = "-Wreorder";
				ZERO_LINK = NO;
			};
			name = Debug;
		};
		D01884D2DEB7E0CF51C6F41C /* Release */ = {
			isa = XCBuildConfiguration;
			buildSettings = {
				CLANG_CXX_LANGUAGE_STANDARD = "c++17";
				CLANG_CXX_LIBRARY = "libc++";
				CLANG_LINK_OBJC_RUNTIME = NO;
				COMBINE_HIDPI_IMAGES = YES;
				CONFIGURATION_BUILD_DIR = "$(PROJECT_DIR)/build/$(CONFIGURATION)";
				DEAD_CODE_STRIPPING = YES;
				EXCLUDED_ARCHS = "";
				GCC_GENERATE_DEBUGGING_SYMBOLS = NO;
				GCC_OPTIMIZATION_LEVEL = 3;
				GCC_PREPROCESSOR_DEFINITIONS = (
					"_NDEBUG=1",
					"NDEBUG=1",
					"JUCER_XCODE_MAC_F6D2F4CF=1",
					"JUCE_APP_VERSION=1.0.0",
					"JUCE_APP_VERSION_HEX=0x10000",
					"JucePlugin_Build_VST=0",
					"JucePlugin_Build_VST3=1",
					"JucePlugin_Build_AU=0",
					"JucePlugin_Build_AUv3=0",
					"JucePlugin_Build_AAX=0",
					"JucePlugin_Build_Standalone=0",
					"JucePlugin_Build_Unity=0",
					"JucePlugin_Build_LV2=0",
				);
				GCC_VERSION = com.apple.compilers.llvm.clang.1_0;
				GENERATE_PKGINFO_FILE = YES;
				HEADER_SEARCH_PATHS = (
					"$(SRCROOT)/../../../../../../../../JUCE/modules/juce_audio_processors/format_types/VST3_SDK",
					"$(SRCROOT)/../../JuceLibraryCode",
					"$(SRCROOT)/../../../../../../../../JUCE/modules",
					"$(SRCROOT)/../../../../../../../../JUCE/modules/juce_audio_plugin_client/AU",
					"$(inherited)",
				);
				INFOPLIST_FILE = Info-VST3.plist;
				INFOPLIST_PREPROCESS = NO;
				INSTALL_PATH = "$(HOME)/Library/Audio/Plug-Ins/VST3/";
				LIBRARY_STYLE = Bundle;
				LLVM_LTO = YES;
				MACOSX_DEPLOYMENT_TARGET = 10.13;
				MTL_HEADER_SEARCH_PATHS = "$(SRCROOT)/../../../../../../../../JUCE/modules/juce_audio_processors/format_types/VST3_SDK $(SRCROOT)/../../JuceLibraryCode $(SRCROOT)/../../../../../../../../JUCE/modules $(SRCROOT)/../../../../../../../../JUCE/modules/juce_audio_plugin_client/AU";
				OTHER_CFLAGS = "-I /usr/local/include/ -DNVOICES=NUM_VOICES -DFAUSTFLOAT=float";
				OTHER_CPLUSPLUSFLAGS = "-I /usr/local/include/ -DNVOICES=NUM_VOICES -DFAUSTFLOAT=float";
				OTHER_LDFLAGS = "-bundle -lmulx";
				PRODUCT_BUNDLE_IDENTIFIER = com.grame.mulx;
				PRODUCT_NAME = "mulx";
				USE_HEADERMAP = NO;
				VALIDATE_WORKSPACE_SKIPPED_SDK_FRAMEWORKS = OpenGL;
				VALID_ARCHS = "i386 x86_64 arm64 arm64e";
				WRAPPER_EXTENSION = vst3;
			};
			name = Release;
		};
		D80BFE6D7E58248FC931F3EB /* Debug */ = {
			isa = XCBuildConfiguration;
			buildSettings = {
				CLANG_CXX_LANGUAGE_STANDARD = "c++17";
				CLANG_CXX_LIBRARY = "libc++";
				CLANG_LINK_OBJC_RUNTIME = NO;
				COMBINE_HIDPI_IMAGES = YES;
				CONFIGURATION_BUILD_DIR = "$(PROJECT_DIR)/build/$(CONFIGURATION)";
				COPY_PHASE_STRIP = NO;
				EXCLUDED_ARCHS = "";
				GCC_DYNAMIC_NO_PIC = NO;
				GCC_OPTIMIZATION_LEVEL = 0;
				GCC_PREPROCESSOR_DEFINITIONS = (
					"_DEBUG=1",
					"DEBUG=1",
					"JUCER_XCODE_MAC_F6D2F4CF=1",
					"JUCE_APP_VERSION=1.0.0",
					"JUCE_APP_VERSION_HEX=0x10000",
					"JucePlugin_Build_VST=0",
					"JucePlugin_Build_VST3=0",
					"JucePlugin_Build_AU=0",
					"JucePlugin_Build_AUv3=0",
					"JucePlugin_Build_AAX=0",
					"JucePlugin_Build_Standalone=1",
					"JucePlugin_Build_Unity=0",
					"JucePlugin_Build_LV2=0",
				);
				GCC_VERSION = com.apple.compilers.llvm.clang.1_0;
				HEADER_SEARCH_PATHS = (
					"$(SRCROOT)/../../../../../../../../JUCE/modules/juce_audio_processors/format_types/VST3_SDK",
					"$(SRCROOT)/../../JuceLibraryCode",
					"$(SRCROOT)/../../../../../../../../JUCE/modules",
					"$(SRCROOT)/../../../../../../../../JUCE/modules/juce_audio_plugin_client/AU",
					"$(inherited)",
				);
				INFOPLIST_FILE = Info-Standalone_Plugin.plist;
				INFOPLIST_PREPROCESS = NO;
				MACOSX_DEPLOYMENT_TARGET = 10.13;
				MTL_HEADER_SEARCH_PATHS = "$(SRCROOT)/../../../../../../../../JUCE/modules/juce_audio_processors/format_types/VST3_SDK $(SRCROOT)/../../JuceLibraryCode $(SRCROOT)/../../../../../../../../JUCE/modules $(SRCROOT)/../../../../../../../../JUCE/modules/juce_audio_plugin_client/AU";
				OTHER_CFLAGS = "-I /usr/local/include/ -DNVOICES=NUM_VOICES -DFAUSTFLOAT=float";
				OTHER_CPLUSPLUSFLAGS = "-I /usr/local/include/ -DNVOICES=NUM_VOICES -DFAUSTFLOAT=float";
				OTHER_LDFLAGS = "-lmulx";
				PRODUCT_BUNDLE_IDENTIFIER = com.grame.mulx;
				PRODUCT_NAME = "mulx";
				USE_HEADERMAP = NO;
				VALIDATE_WORKSPACE_SKIPPED_SDK_FRAMEWORKS = OpenGL;
				VALID_ARCHS = "i386 x86_64 arm64 arm64e";
			};
			name = Debug;
		};
		D81FCDEE67236E61A6D47454 /* Release */ = {
			isa = XCBuildConfiguration;
			buildSettings = {
				ARCHS = "$(ARCHS_STANDARD_64_BIT)";
				CLANG_CXX_LANGUAGE_STANDARD = "c++17";
				CLANG_CXX_LIBRARY = "libc++";
				CLANG_LINK_OBJC_RUNTIME = NO;
				CODE_SIGN_ENTITLEMENTS = "AUv3_AppExtension.entitlements";
				COMBINE_HIDPI_IMAGES = YES;
				CONFIGURATION_BUILD_DIR = "$(PROJECT_DIR)/build/$(CONFIGURATION)";
				DEAD_CODE_STRIPPING = YES;
				EXCLUDED_ARCHS = "";
				GCC_GENERATE_DEBUGGING_SYMBOLS = NO;
				GCC_OPTIMIZATION_LEVEL = 3;
				GCC_PREPROCESSOR_DEFINITIONS = (
					"_NDEBUG=1",
					"NDEBUG=1",
					"JUCER_XCODE_MAC_F6D2F4CF=1",
					"JUCE_APP_VERSION=1.0.0",
					"JUCE_APP_VERSION_HEX=0x10000",
					"JucePlugin_Build_VST=0",
					"JucePlugin_Build_VST3=0",
					"JucePlugin_Build_AU=0",
					"JucePlugin_Build_AUv3=1",
					"JucePlugin_Build_AAX=0",
					"JucePlugin_Build_Standalone=0",
					"JucePlugin_Build_Unity=0",
					"JucePlugin_Build_LV2=0",
				);
				GCC_VERSION = com.apple.compilers.llvm.clang.1_0;
				HEADER_SEARCH_PATHS = (
					"$(SRCROOT)/../../../../../../../../JUCE/modules/juce_audio_processors/format_types/VST3_SDK",
					"$(SRCROOT)/../../JuceLibraryCode",
					"$(SRCROOT)/../../../../../../../../JUCE/modules",
					"$(SRCROOT)/../../../../../../../../JUCE/modules/juce_audio_plugin_client/AU",
					"$(inherited)",
				);
				INFOPLIST_FILE = Info-AUv3_AppExtension.plist;
				INFOPLIST_PREPROCESS = NO;
				LLVM_LTO = YES;
				MACOSX_DEPLOYMENT_TARGET = 10.13;
				MTL_HEADER_SEARCH_PATHS = "$(SRCROOT)/../../../../../../../../JUCE/modules/juce_audio_processors/format_types/VST3_SDK $(SRCROOT)/../../JuceLibraryCode $(SRCROOT)/../../../../../../../../JUCE/modules $(SRCROOT)/../../../../../../../../JUCE/modules/juce_audio_plugin_client/AU";
				OTHER_CFLAGS = "-I /usr/local/include/ -DNVOICES=NUM_VOICES -DFAUSTFLOAT=float";
				OTHER_CPLUSPLUSFLAGS = "-I /usr/local/include/ -DNVOICES=NUM_VOICES -DFAUSTFLOAT=float";
				OTHER_LDFLAGS = "-lmulx";
				PRODUCT_BUNDLE_IDENTIFIER = com.grame.mulx.mulxAUv3;
				PRODUCT_NAME = "mulx";
				USE_HEADERMAP = NO;
				VALIDATE_WORKSPACE_SKIPPED_SDK_FRAMEWORKS = OpenGL;
				VALID_ARCHS = "i386 x86_64 arm64 arm64e";
			};
			name = Release;
		};
		F7752FF2215E95C575017CD5 /* Debug */ = {
			isa = XCBuildConfiguration;
			buildSettings = {
				ARCHS = "$(ARCHS_STANDARD_64_BIT)";
				CLANG_CXX_LANGUAGE_STANDARD = "c++17";
				CLANG_CXX_LIBRARY = "libc++";
				CLANG_LINK_OBJC_RUNTIME = NO;
				CODE_SIGN_ENTITLEMENTS = "AUv3_AppExtension.entitlements";
				COMBINE_HIDPI_IMAGES = YES;
				CONFIGURATION_BUILD_DIR = "$(PROJECT_DIR)/build/$(CONFIGURATION)";
				COPY_PHASE_STRIP = NO;
				EXCLUDED_ARCHS = "";
				GCC_DYNAMIC_NO_PIC = NO;
				GCC_OPTIMIZATION_LEVEL = 0;
				GCC_PREPROCESSOR_DEFINITIONS = (
					"_DEBUG=1",
					"DEBUG=1",
					"JUCER_XCODE_MAC_F6D2F4CF=1",
					"JUCE_APP_VERSION=1.0.0",
					"JUCE_APP_VERSION_HEX=0x10000",
					"JucePlugin_Build_VST=0",
					"JucePlugin_Build_VST3=0",
					"JucePlugin_Build_AU=0",
					"JucePlugin_Build_AUv3=1",
					"JucePlugin_Build_AAX=0",
					"JucePlugin_Build_Standalone=0",
					"JucePlugin_Build_Unity=0",
					"JucePlugin_Build_LV2=0",
				);
				GCC_VERSION = com.apple.compilers.llvm.clang.1_0;
				HEADER_SEARCH_PATHS = (
					"$(SRCROOT)/../../../../../../../../JUCE/modules/juce_audio_processors/format_types/VST3_SDK",
					"$(SRCROOT)/../../JuceLibraryCode",
					"$(SRCROOT)/../../../../../../../../JUCE/modules",
					"$(SRCROOT)/../../../../../../../../JUCE/modules/juce_audio_plugin_client/AU",
					"$(inherited)",
				);
				INFOPLIST_FILE = Info-AUv3_AppExtension.plist;
				INFOPLIST_PREPROCESS = NO;
				MACOSX_DEPLOYMENT_TARGET = 10.13;
				MTL_HEADER_SEARCH_PATHS = "$(SRCROOT)/../../../../../../../../JUCE/modules/juce_audio_processors/format_types/VST3_SDK $(SRCROOT)/../../JuceLibraryCode $(SRCROOT)/../../../../../../../../JUCE/modules $(SRCROOT)/../../../../../../../../JUCE/modules/juce_audio_plugin_client/AU";
				OTHER_CFLAGS = "-I /usr/local/include/ -DNVOICES=NUM_VOICES -DFAUSTFLOAT=float";
				OTHER_CPLUSPLUSFLAGS = "-I /usr/local/include/ -DNVOICES=NUM_VOICES -DFAUSTFLOAT=float";
				OTHER_LDFLAGS = "-lmulx";
				PRODUCT_BUNDLE_IDENTIFIER = com.grame.mulx.mulxAUv3;
				PRODUCT_NAME = "mulx";
				USE_HEADERMAP = NO;
				VALIDATE_WORKSPACE_SKIPPED_SDK_FRAMEWORKS = OpenGL;
				VALID_ARCHS = "i386 x86_64 arm64 arm64e";
			};
			name = Debug;
		};
		F9F3182BA2BEB90F12B17CC0 /* Release */ = {
			isa = XCBuildConfiguration;
			buildSettings = {
				CLANG_CXX_LANGUAGE_STANDARD = "c++17";
				CLANG_CXX_LIBRARY = "libc++";
				CLANG_LINK_OBJC_RUNTIME = NO;
				COMBINE_HIDPI_IMAGES = YES;
				CONFIGURATION_BUILD_DIR = "$(PROJECT_DIR)/build/$(CONFIGURATION)";
				DEAD_CODE_STRIPPING = YES;
				EXCLUDED_ARCHS = "";
				GCC_GENERATE_DEBUGGING_SYMBOLS = NO;
				GCC_OPTIMIZATION_LEVEL = 3;
				GCC_PREPROCESSOR_DEFINITIONS = (
					"_NDEBUG=1",
					"NDEBUG=1",
					"JUCER_XCODE_MAC_F6D2F4CF=1",
					"JUCE_APP_VERSION=1.0.0",
					"JUCE_APP_VERSION_HEX=0x10000",
					"JucePlugin_Build_VST=0",
					"JucePlugin_Build_VST3=0",
					"JucePlugin_Build_AU=0",
					"JucePlugin_Build_AUv3=0",
					"JucePlugin_Build_AAX=0",
					"JucePlugin_Build_Standalone=0",
					"JucePlugin_Build_Unity=0",
					"JucePlugin_Build_LV2=0",
				);
				GCC_VERSION = com.apple.compilers.llvm.clang.1_0;
				HEADER_SEARCH_PATHS = (
					"$(SRCROOT)/../../../../../../../../JUCE/modules/juce_audio_processors/format_types/VST3_SDK",
					"$(SRCROOT)/../../JuceLibraryCode",
					"$(SRCROOT)/../../../../../../../../JUCE/modules",
					"$(SRCROOT)/../../../../../../../../JUCE/modules/juce_audio_plugin_client/AU",
					"$(inherited)",
				);
				INFOPLIST_FILE = Info-VST3_Manifest_Helper.plist;
				INFOPLIST_PREPROCESS = NO;
				LLVM_LTO = YES;
				MACOSX_DEPLOYMENT_TARGET = 10.13;
				MTL_HEADER_SEARCH_PATHS = "$(SRCROOT)/../../../../../../../../JUCE/modules/juce_audio_processors/format_types/VST3_SDK $(SRCROOT)/../../JuceLibraryCode $(SRCROOT)/../../../../../../../../JUCE/modules $(SRCROOT)/../../../../../../../../JUCE/modules/juce_audio_plugin_client/AU";
				OTHER_CFLAGS = "-I /usr/local/include/ -DNVOICES=NUM_VOICES -DFAUSTFLOAT=float";
				OTHER_CPLUSPLUSFLAGS = "-I /usr/local/include/ -DNVOICES=NUM_VOICES -DFAUSTFLOAT=float";
				PRODUCT_BUNDLE_IDENTIFIER = com.grame.mulx;
				PRODUCT_NAME = "juce_vst3_helper";
				USE_HEADERMAP = NO;
				VALIDATE_WORKSPACE_SKIPPED_SDK_FRAMEWORKS = OpenGL;
				VALID_ARCHS = "i386 x86_64 arm64 arm64e";
			};
			name = Release;
		};
		FF1F24D3B9F35AEAC4A9389F /* Release */ = {
			isa = XCBuildConfiguration;
			buildSettings = {
				ALWAYS_SEARCH_USER_PATHS = NO;
				CLANG_ENABLE_OBJC_WEAK = YES;
				CLANG_WARN_BLOCK_CAPTURE_AUTORELEASING = YES;
				CLANG_WARN_BOOL_CONVERSION = YES;
				CLANG_WARN_COMMA = YES;
				CLANG_WARN_CONSTANT_CONVERSION = YES;
				CLANG_WARN_DEPRECATED_OBJC_IMPLEMENTATIONS = YES;
				CLANG_WARN_EMPTY_BODY = YES;
				CLANG_WARN_ENUM_CONVERSION = YES;
				CLANG_WARN_INFINITE_RECURSION = YES;
				CLANG_WARN_INT_CONVERSION = YES;
				CLANG_WARN_NON_LITERAL_NULL_CONVERSION = YES;
				CLANG_WARN_OBJC_IMPLICIT_RETAIN_SELF = YES;
				CLANG_WARN_OBJC_LITERAL_CONVERSION = YES;
				CLANG_WARN_RANGE_LOOP_ANALYSIS = YES;
				CLANG_WARN_STRICT_PROTOTYPES = YES;
				CLANG_WARN_SUSPICIOUS_MOVE = YES;
				CLANG_WARN_UNREACHABLE_CODE = YES;
				CLANG_WARN__DUPLICATE_METHOD_MATCH = YES;
				DEBUG_INFORMATION_FORMAT = dwarf;
				ENABLE_STRICT_OBJC_MSGSEND = YES;
				ENABLE_TESTABILITY = NO;
				GCC_C_LANGUAGE_STANDARD = c11;
				GCC_INLINES_ARE_PRIVATE_EXTERN = YES;
				GCC_MODEL_TUNING = G5;
				GCC_NO_COMMON_BLOCKS = YES;
				GCC_SYMBOLS_PRIVATE_EXTERN = YES;
				GCC_WARN_64_TO_32_BIT_CONVERSION = YES;
				GCC_WARN_ABOUT_RETURN_TYPE = YES;
				GCC_WARN_CHECK_SWITCH_STATEMENTS = YES;
				GCC_WARN_MISSING_PARENTHESES = YES;
				GCC_WARN_NON_VIRTUAL_DESTRUCTOR = YES;
				GCC_WARN_TYPECHECK_CALLS_TO_PRINTF = YES;
				GCC_WARN_UNDECLARED_SELECTOR = YES;
				GCC_WARN_UNINITIALIZED_AUTOS = YES;
				GCC_WARN_UNUSED_FUNCTION = YES;
				GCC_WARN_UNUSED_VARIABLE = YES;
				OTHER_CODE_SIGN_FLAGS = --timestamp;
				PRODUCT_NAME = "mulx";
				SDKROOT = macosx;
				WARNING_CFLAGS = "-Wreorder";
				ZERO_LINK = NO;
			};
			name = Release;
		};
/* End XCBuildConfiguration section */

/* Begin XCConfigurationList section */
		08879730856774F3CA4FBD59 = {
			isa = XCConfigurationList;
			buildConfigurations = (
				3C647A6B536323FF8515392F,
				98F90BAA15D7A1088EEC587D,
			);
			defaultConfigurationIsVisible = 0;
			defaultConfigurationName = Debug;
		};
		1D7F728E031B01B2F399C76E = {
			isa = XCConfigurationList;
			buildConfigurations = (
				316093C1F032E1B277EEED2B,
				1EF663B2ED824C233508BF62,
			);
			defaultConfigurationIsVisible = 0;
			defaultConfigurationName = Debug;
		};
		651BC921BE1C88160D47A088 = {
			isa = XCConfigurationList;
			buildConfigurations = (
				25275C3A9C68937F25299C9D,
				D01884D2DEB7E0CF51C6F41C,
			);
			defaultConfigurationIsVisible = 0;
			defaultConfigurationName = Debug;
		};
		743B5BF78634C328174BE2BF = {
			isa = XCConfigurationList;
			buildConfigurations = (
				F7752FF2215E95C575017CD5,
				D81FCDEE67236E61A6D47454,
			);
			defaultConfigurationIsVisible = 0;
			defaultConfigurationName = Debug;
		};
		A00F71D91E4AE171C3D80216 = {
			isa = XCConfigurationList;
			buildConfigurations = (
				ADB4A6CDE90F7D7F89380065,
				FF1F24D3B9F35AEAC4A9389F,
			);
			defaultConfigurationIsVisible = 0;
			defaultConfigurationName = Debug;
		};
		A0B47FEC5EAC26386888B93A = {
			isa = XCConfigurationList;
			buildConfigurations = (
				AA15959D474F86A67A9CE95D,
				F9F3182BA2BEB90F12B17CC0,
			);
			defaultConfigurationIsVisible = 0;
			defaultConfigurationName = Debug;
		};
		A685044388B09421EFBAD32B = {
			isa = XCConfigurationList;
			buildConfigurations = (
				D80BFE6D7E58248FC931F3EB,
				8E2D5F78429DE0BB677A9812,
			);
			defaultConfigurationIsVisible = 0;
			defaultConfigurationName = Debug;
		};
		B2D1B036EA280658A12A377D = {
			isa = XCConfigurationList;
			buildConfigurations = (
				8BBF5A6497D295CA32D7C6D3,
				A97943508810645031E2F17B,
			);
			defaultConfigurationIsVisible = 0;
			defaultConfigurationName = Debug;
		};
/* End XCConfigurationList section */
	};
	rootObject = C247973A805DA138ABD4AA26 /* Project object */;
}
